<?xml version="1.0" encoding="utf-8"?>
<Project ToolsVersion="4.0" xmlns="http://schemas.microsoft.com/developer/msbuild/2003">
  <ItemGroup>
    <Filter Include="Source Files">
      <UniqueIdentifier>{4FC737F1-C7A5-4376-A066-2A32D752A2FF}</UniqueIdentifier>
      <Extensions>cpp;c;cc;cxx;def;odl;idl;hpj;bat;asm;asmx</Extensions>
    </Filter>
    <Filter Include="Header Files">
      <UniqueIdentifier>{93995380-89BD-4b04-88EB-625FBE52EBFB}</UniqueIdentifier>
      <Extensions>h;hpp;hxx;hm;inl;inc;xsd</Extensions>
    </Filter>
    <Filter Include="Header Files\Visualization">
      <UniqueIdentifier>{b6804725-f880-4d8f-827e-de4214a871cc}</UniqueIdentifier>
    </Filter>
    <Filter Include="Source Files\Visualization">
      <UniqueIdentifier>{e16ebcdb-c6de-40bc-a2f6-08c5f4bacb8e}</UniqueIdentifier>
    </Filter>
    <Filter Include="Header Files\GUI">
      <UniqueIdentifier>{ff78e149-feac-4461-b9f3-065f960d5cca}</UniqueIdentifier>
    </Filter>
    <Filter Include="Source Files\GUI">
      <UniqueIdentifier>{cef6f73b-a06a-4fc9-8f04-ef7109517e6b}</UniqueIdentifier>
    </Filter>
    <Filter Include="MOC Files">
      <UniqueIdentifier>{16cd439c-b0f8-427c-a52f-ca0522b0aeff}</UniqueIdentifier>
    </Filter>
    <Filter Include="Header Files\Mesh">
      <UniqueIdentifier>{3ad340fb-97bf-4c89-9e9f-8b8e0c8441fa}</UniqueIdentifier>
    </Filter>
    <Filter Include="Source Files\Mesh">
      <UniqueIdentifier>{07c52b1b-df06-4b21-aef2-0c1217782d06}</UniqueIdentifier>
    </Filter>
    <Filter Include="Header Files\Visualization\Presentation">
      <UniqueIdentifier>{321f3c7e-0ab7-40e9-896e-ae15f008f38e}</UniqueIdentifier>
    </Filter>
    <Filter Include="Source Files\Visualization\Presentation">
      <UniqueIdentifier>{d20a6d2e-40f2-4fa1-8ef3-b68f87c57f5b}</UniqueIdentifier>
    </Filter>
    <Filter Include="Header Files\Common">
      <UniqueIdentifier>{9269c3fb-af81-4f69-ad9e-a68c866fe247}</UniqueIdentifier>
    </Filter>
    <Filter Include="Source Files\Common">
      <UniqueIdentifier>{02715f7d-7be0-4213-ae86-afdb26232c52}</UniqueIdentifier>
    </Filter>
    <Filter Include="Header Files\Geometry">
      <UniqueIdentifier>{4d1a1d05-49d9-4243-acc3-14a328fa812f}</UniqueIdentifier>
    </Filter>
    <Filter Include="Source Files\Geometry">
      <UniqueIdentifier>{5ae5d180-7660-47fa-be33-f1ddd6ac1421}</UniqueIdentifier>
    </Filter>
    <Filter Include="Header Files\Journaling">
      <UniqueIdentifier>{fa94e904-be5c-4ea3-847e-6502366467ca}</UniqueIdentifier>
    </Filter>
    <Filter Include="Source Files\Journaling">
      <UniqueIdentifier>{b3f0dd5b-88d9-4305-ba58-96ce436526f2}</UniqueIdentifier>
    </Filter>
    <Filter Include="Header Files\Geometry\Skinning">
      <UniqueIdentifier>{16e2b9c4-05d2-44f9-9db0-dea72018d57f}</UniqueIdentifier>
    </Filter>
    <Filter Include="Source Files\Geometry\Skinning">
      <UniqueIdentifier>{446a2fdb-8e83-4e5f-885f-bbb0df8c023c}</UniqueIdentifier>
    </Filter>
  </ItemGroup>
  <ItemGroup>
    <ClInclude Include="..\..\src\analysis_situs.h">
      <Filter>Header Files</Filter>
    </ClInclude>
    <ClInclude Include="..\..\src\visu\visu_data_provider.h">
      <Filter>Header Files\Visualization</Filter>
    </ClInclude>
    <ClInclude Include="..\..\src\visu\visu_pipeline.h">
      <Filter>Header Files\Visualization</Filter>
    </ClInclude>
    <ClInclude Include="..\..\src\visu\visu_shape_pipeline.h">
      <Filter>Header Files\Visualization</Filter>
    </ClInclude>
    <ClInclude Include="..\..\src\visu\visu_mesh_E_scalar_filter.h">
      <Filter>Header Files\Visualization</Filter>
    </ClInclude>
    <ClInclude Include="..\..\src\visu\visu_mesh_E_scalar_pipeline.h">
      <Filter>Header Files\Visualization</Filter>
    </ClInclude>
    <ClInclude Include="..\..\src\visu\visu_mesh_E_vector_filter.h">
      <Filter>Header Files\Visualization</Filter>
    </ClInclude>
    <ClInclude Include="..\..\src\visu\visu_mesh_E_vector_pipeline.h">
      <Filter>Header Files\Visualization</Filter>
    </ClInclude>
    <ClInclude Include="..\..\src\visu\visu_mesh_EN_scalar_filter.h">
      <Filter>Header Files\Visualization</Filter>
    </ClInclude>
    <ClInclude Include="..\..\src\visu\visu_mesh_EN_scalar_pipeline.h">
      <Filter>Header Files\Visualization</Filter>
    </ClInclude>
    <ClInclude Include="..\..\src\visu\visu_mesh_N_scalar_filter.h">
      <Filter>Header Files\Visualization</Filter>
    </ClInclude>
    <ClInclude Include="..\..\src\visu\visu_mesh_N_scalar_pipeline.h">
      <Filter>Header Files\Visualization</Filter>
    </ClInclude>
    <ClInclude Include="..\..\src\visu\visu_mesh_pipeline.h">
      <Filter>Header Files\Visualization</Filter>
    </ClInclude>
    <ClInclude Include="..\..\src\visu\visu_mesh_data_provider.h">
      <Filter>Header Files\Visualization</Filter>
    </ClInclude>
    <ClInclude Include="..\..\src\visu\visu_node_info.h">
      <Filter>Header Files\Visualization</Filter>
    </ClInclude>
    <ClInclude Include="..\..\src\visu\visu_shrink_poly_filter.h">
      <Filter>Header Files\Visualization</Filter>
    </ClInclude>
    <ClInclude Include="..\..\src\visu\visu_mesh_utils.h">
      <Filter>Header Files\Visualization</Filter>
    </ClInclude>
    <ClInclude Include="..\..\src\visu\visu_mesh_source.h">
      <Filter>Header Files\Visualization</Filter>
    </ClInclude>
    <ClInclude Include="..\..\src\visu\visu_utils.h">
      <Filter>Header Files\Visualization</Filter>
    </ClInclude>
    <ClInclude Include="..\..\src\visu\visu_common.h">
      <Filter>Header Files\Visualization</Filter>
    </ClInclude>
    <ClInclude Include="..\..\src\visu\visu_mesh_result_utils.h">
      <Filter>Header Files\Visualization</Filter>
    </ClInclude>
    <ClInclude Include="..\..\src\mesh\mesh_ply.h">
      <Filter>Header Files\Mesh</Filter>
    </ClInclude>
    <ClInclude Include="..\..\src\gui\gui_common.h">
      <Filter>Header Files\GUI</Filter>
    </ClInclude>
    <ClInclude Include="..\..\src\visu\visu_prs.h">
      <Filter>Header Files\Visualization</Filter>
    </ClInclude>
    <ClInclude Include="..\..\src\visu\visu_prs_manager.h">
      <Filter>Header Files\Visualization</Filter>
    </ClInclude>
    <ClInclude Include="..\..\src\visu\visu_selection.h">
      <Filter>Header Files\Visualization</Filter>
    </ClInclude>
    <ClInclude Include="..\..\src\visu\prs\visu_mesh_prs.h">
      <Filter>Header Files\Visualization\Presentation</Filter>
    </ClInclude>
    <ClInclude Include="..\..\src\mesh\mesh_node.h">
      <Filter>Header Files\Mesh</Filter>
    </ClInclude>
    <ClInclude Include="..\..\src\common\common_partition.h">
      <Filter>Header Files\Common</Filter>
    </ClInclude>
    <ClInclude Include="..\..\src\visu\visu_mesh_contour_pipeline.h">
      <Filter>Header Files\Visualization</Filter>
    </ClInclude>
    <ClInclude Include="..\..\src\visu\visu_display_mode.h">
      <Filter>Header Files\Visualization</Filter>
    </ClInclude>
    <ClInclude Include="..\..\src\common\common_version.h">
      <Filter>Header Files\Common</Filter>
    </ClInclude>
    <ClInclude Include="..\..\src\common\common_model.h">
      <Filter>Header Files\Common</Filter>
    </ClInclude>
    <ClInclude Include="..\..\src\common\common_root_node.h">
      <Filter>Header Files\Common</Filter>
    </ClInclude>
    <ClInclude Include="..\..\src\common\common_facilities.h">
      <Filter>Header Files\Common</Filter>
    </ClInclude>
    <ClInclude Include="..\..\src\geom\geom_utils.h">
      <Filter>Header Files\Geometry</Filter>
    </ClInclude>
    <ClInclude Include="..\..\src\visu\prs\visu_geom_prs.h">
      <Filter>Header Files\Visualization\Presentation</Filter>
    </ClInclude>
    <ClInclude Include="..\..\src\visu\visu_shape_data_provider.h">
      <Filter>Header Files\Visualization</Filter>
    </ClInclude>
    <ClInclude Include="..\..\src\visu\visu_rotation_callback.h">
      <Filter>Header Files\Visualization</Filter>
    </ClInclude>
    <ClInclude Include="..\..\src\visu\visu_viewer_callback.h">
      <Filter>Header Files\Visualization</Filter>
    </ClInclude>
    <ClInclude Include="..\..\src\visu\visu_interactor_style_pick.h">
      <Filter>Header Files\Visualization</Filter>
    </ClInclude>
    <ClInclude Include="..\..\src\geom\geom_STEP.h">
      <Filter>Header Files\Geometry</Filter>
    </ClInclude>
    <ClInclude Include="..\..\src\visu\visu_curve_source.h">
      <Filter>Header Files\Visualization</Filter>
    </ClInclude>
    <ClInclude Include="..\..\src\visu\visu_face_domain_pipeline.h">
      <Filter>Header Files\Visualization</Filter>
    </ClInclude>
    <ClInclude Include="..\..\src\geom\geom_face_node.h">
      <Filter>Header Files\Geometry</Filter>
    </ClInclude>
    <ClInclude Include="..\..\src\visu\prs\visu_geom_face_prs.h">
      <Filter>Header Files\Visualization\Presentation</Filter>
    </ClInclude>
    <ClInclude Include="..\..\src\visu\visu_face_data_provider.h">
      <Filter>Header Files\Visualization</Filter>
    </ClInclude>
    <ClInclude Include="..\..\src\visu\visu_pcurve_source.h">
      <Filter>Header Files\Visualization</Filter>
    </ClInclude>
    <ClInclude Include="..\..\src\visu\visu_face_surface_pipeline.h">
      <Filter>Header Files\Visualization</Filter>
    </ClInclude>
    <ClInclude Include="..\..\src\geom\geom_surf_node.h">
      <Filter>Header Files\Geometry</Filter>
    </ClInclude>
    <ClInclude Include="..\..\src\visu\prs\visu_geom_surf_prs.h">
      <Filter>Header Files\Visualization\Presentation</Filter>
    </ClInclude>
    <ClInclude Include="..\..\src\visu\visu_topo_graph.h">
      <Filter>Header Files\Visualization</Filter>
    </ClInclude>
    <ClInclude Include="..\..\src\geom\geom_part_node.h">
      <Filter>Header Files\Geometry</Filter>
    </ClInclude>
    <ClInclude Include="..\..\src\geom\skinning\geom_sections_node.h">
      <Filter>Header Files\Geometry\Skinning</Filter>
    </ClInclude>
    <ClInclude Include="..\..\src\geom\skinning\geom_section_node.h">
      <Filter>Header Files\Geometry\Skinning</Filter>
    </ClInclude>
    <ClInclude Include="..\..\src\visu\prs\visu_section_prs.h">
      <Filter>Header Files\Visualization\Presentation</Filter>
    </ClInclude>
    <ClInclude Include="..\..\src\visu\prs\visu_sections_prs.h">
      <Filter>Header Files\Visualization\Presentation</Filter>
    </ClInclude>
    <ClInclude Include="..\..\src\visu\visu_sections_pipeline.h">
      <Filter>Header Files\Visualization</Filter>
    </ClInclude>
    <ClInclude Include="..\..\src\visu\visu_sections_data_provider.h">
      <Filter>Header Files\Visualization</Filter>
    </ClInclude>
    <ClInclude Include="..\..\src\gui\gui_prim_data_adaptor.h">
      <Filter>Header Files\GUI</Filter>
    </ClInclude>
    <ClInclude Include="..\..\src\gui\gui_data_adaptor.h">
      <Filter>Header Files\GUI</Filter>
    </ClInclude>
    <ClInclude Include="..\..\src\mesh\mesh_convert.h">
      <Filter>Header Files\Mesh</Filter>
    </ClInclude>
    <ClInclude Include="..\..\src\visu\visu_section_pipeline.h">
      <Filter>Header Files\Visualization</Filter>
    </ClInclude>
    <ClInclude Include="..\..\src\visu\visu_bcurve_poles_source.h">
      <Filter>Header Files\Visualization</Filter>
    </ClInclude>
    <ClInclude Include="..\..\src\visu\visu_bcurve_poles_pipeline.h">
      <Filter>Header Files\Visualization</Filter>
    </ClInclude>
    <ClInclude Include="..\..\src\visu\visu_interactor_style_pick_2d.h">
      <Filter>Header Files\Visualization</Filter>
    </ClInclude>
    <ClInclude Include="..\..\src\visu\visu_section_data_provider.h">
      <Filter>Header Files\Visualization</Filter>
    </ClInclude>
  </ItemGroup>
  <ItemGroup>
    <ClCompile Include="..\..\src\visu\visu_data_provider.cpp">
      <Filter>Source Files\Visualization</Filter>
    </ClCompile>
    <ClCompile Include="..\..\src\visu\visu_pipeline.cpp">
      <Filter>Source Files\Visualization</Filter>
    </ClCompile>
    <ClCompile Include="..\..\src\visu\visu_shape_pipeline.cpp">
      <Filter>Source Files\Visualization</Filter>
    </ClCompile>
    <ClCompile Include="..\..\src\main.cpp">
      <Filter>Source Files</Filter>
    </ClCompile>
    <ClCompile Include="..\..\src\visu\visu_mesh_E_scalar_filter.cpp">
      <Filter>Source Files\Visualization</Filter>
    </ClCompile>
    <ClCompile Include="..\..\src\visu\visu_mesh_E_scalar_pipeline.cpp">
      <Filter>Source Files\Visualization</Filter>
    </ClCompile>
    <ClCompile Include="..\..\src\visu\visu_mesh_E_vector_filter.cpp">
      <Filter>Source Files\Visualization</Filter>
    </ClCompile>
    <ClCompile Include="..\..\src\visu\visu_mesh_E_vector_pipeline.cpp">
      <Filter>Source Files\Visualization</Filter>
    </ClCompile>
    <ClCompile Include="..\..\src\visu\visu_mesh_EN_scalar_filter.cpp">
      <Filter>Source Files\Visualization</Filter>
    </ClCompile>
    <ClCompile Include="..\..\src\visu\visu_mesh_EN_scalar_pipeline.cpp">
      <Filter>Source Files\Visualization</Filter>
    </ClCompile>
    <ClCompile Include="..\..\src\visu\visu_mesh_N_scalar_filter.cpp">
      <Filter>Source Files\Visualization</Filter>
    </ClCompile>
    <ClCompile Include="..\..\src\visu\visu_mesh_N_scalar_pipeline.cpp">
      <Filter>Source Files\Visualization</Filter>
    </ClCompile>
    <ClCompile Include="..\..\src\visu\visu_mesh_pipeline.cpp">
      <Filter>Source Files\Visualization</Filter>
    </ClCompile>
    <ClCompile Include="..\..\src\visu\visu_node_info.cpp">
      <Filter>Source Files\Visualization</Filter>
    </ClCompile>
    <ClCompile Include="..\..\src\visu\visu_mesh_utils.cpp">
      <Filter>Source Files\Visualization</Filter>
    </ClCompile>
    <ClCompile Include="..\..\src\visu\visu_shrink_poly_filter.cpp">
      <Filter>Source Files\Visualization</Filter>
    </ClCompile>
    <ClCompile Include="..\..\src\visu\visu_mesh_source.cpp">
      <Filter>Source Files\Visualization</Filter>
    </ClCompile>
    <ClCompile Include="..\..\src\visu\visu_utils.cpp">
      <Filter>Source Files\Visualization</Filter>
    </ClCompile>
    <ClCompile Include="..\..\src\visu\visu_mesh_result_utils.cpp">
      <Filter>Source Files\Visualization</Filter>
    </ClCompile>
    <ClCompile Include="$(IntDir)moc\moc_gui_controls_part.cpp">
      <Filter>MOC Files</Filter>
    </ClCompile>
    <ClCompile Include="$(IntDir)moc\moc_gui_controls_section.cpp">
      <Filter>MOC Files</Filter>
    </ClCompile>
    <ClCompile Include="$(IntDir)moc\moc_gui_controls_skinning.cpp">
      <Filter>MOC Files</Filter>
    </ClCompile>
    <ClCompile Include="$(IntDir)moc\moc_gui_controls_mesh.cpp">
      <Filter>MOC Files</Filter>
    </ClCompile>
    <ClCompile Include="$(IntDir)moc\moc_gui_splitter.cpp">
      <Filter>MOC Files</Filter>
    </ClCompile>
    <ClCompile Include="$(IntDir)moc\moc_gui_viewer.cpp">
      <Filter>MOC Files</Filter>
    </ClCompile>
    <ClCompile Include="$(IntDir)moc\moc_gui_line_edit.cpp">
      <Filter>MOC Files</Filter>
    </ClCompile>
    <ClCompile Include="$(IntDir)moc\moc_gui_viewer_part.cpp">
      <Filter>MOC Files</Filter>
    </ClCompile>
    <ClCompile Include="$(IntDir)moc\moc_gui_viewer_skinner.cpp">
      <Filter>MOC Files</Filter>
    </ClCompile>
    <ClCompile Include="$(IntDir)moc\moc_gui_viewer_domain.cpp">
      <Filter>MOC Files</Filter>
    </ClCompile>
    <ClCompile Include="$(IntDir)moc\moc_gui_viewer_section.cpp">
      <Filter>MOC Files</Filter>
    </ClCompile>
    <ClCompile Include="$(IntDir)moc\moc_gui_viewer_mesh.cpp">
      <Filter>MOC Files</Filter>
    </ClCompile>
    <ClCompile Include="$(IntDir)moc\moc_gui_viewer_surface.cpp">
      <Filter>MOC Files</Filter>
    </ClCompile>
    <ClCompile Include="$(IntDir)moc\moc_visu_pick_callback.cpp">
      <Filter>MOC Files</Filter>
    </ClCompile>
    <ClCompile Include="$(IntDir)moc\moc_gui_object_browser.cpp">
      <Filter>MOC Files</Filter>
    </ClCompile>
    <ClCompile Include="$(IntDir)moc\moc_gui_welcome_window.cpp">
      <Filter>MOC Files</Filter>
    </ClCompile>
    <ClCompile Include="$(IntDir)moc\moc_gui_main_window_asitus.cpp">
      <Filter>MOC Files</Filter>
    </ClCompile>
    <ClCompile Include="$(IntDir)moc\moc_gui_main_window_skinning.cpp">
      <Filter>MOC Files</Filter>
    </ClCompile>
    <ClCompile Include="$(IntDir)moc\moc_gui_main_window_meshedit.cpp">
      <Filter>MOC Files</Filter>
    </ClCompile>
    <ClCompile Include="$(IntDir)moc\moc_gui_prim_data_view.cpp">
      <Filter>MOC Files</Filter>
    </ClCompile>
    <ClCompile Include="..\..\src\mesh\mesh_ply.cpp">
      <Filter>Source Files\Mesh</Filter>
    </ClCompile>
    <ClCompile Include="..\..\src\visu\visu_prs.cpp">
      <Filter>Source Files\Visualization</Filter>
    </ClCompile>
    <ClCompile Include="..\..\src\visu\visu_prs_manager.cpp">
      <Filter>Source Files\Visualization</Filter>
    </ClCompile>
    <ClCompile Include="..\..\src\visu\visu_selection.cpp">
      <Filter>Source Files\Visualization</Filter>
    </ClCompile>
    <ClCompile Include="..\..\src\visu\prs\visu_mesh_prs.cpp">
      <Filter>Source Files\Visualization\Presentation</Filter>
    </ClCompile>
    <ClCompile Include="..\..\src\mesh\mesh_node.cpp">
      <Filter>Source Files\Mesh</Filter>
    </ClCompile>
    <ClCompile Include="..\..\src\common\common_partition.cpp">
      <Filter>Source Files\Common</Filter>
    </ClCompile>
    <ClCompile Include="..\..\src\visu\visu_mesh_data_provider.cpp">
      <Filter>Source Files\Visualization</Filter>
    </ClCompile>
    <ClCompile Include="..\..\src\visu\visu_mesh_contour_pipeline.cpp">
      <Filter>Source Files\Visualization</Filter>
    </ClCompile>
    <ClCompile Include="..\..\src\common\common_model.cpp">
      <Filter>Source Files\Common</Filter>
    </ClCompile>
    <ClCompile Include="..\..\src\common\common_root_node.cpp">
      <Filter>Source Files\Common</Filter>
    </ClCompile>
    <ClCompile Include="..\..\src\common\common_facilities.cpp">
      <Filter>Source Files\Common</Filter>
    </ClCompile>
    <ClCompile Include="..\..\src\gui\gui_splitter.cpp">
      <Filter>Source Files\GUI</Filter>
    </ClCompile>
    <ClCompile Include="..\..\src\geom\geom_utils.cpp">
      <Filter>Source Files\Geometry</Filter>
    </ClCompile>
    <ClCompile Include="..\..\src\visu\prs\visu_geom_prs.cpp">
      <Filter>Source Files\Visualization\Presentation</Filter>
    </ClCompile>
    <ClCompile Include="..\..\src\visu\visu_shape_data_provider.cpp">
      <Filter>Source Files\Visualization</Filter>
    </ClCompile>
    <ClCompile Include="..\..\src\visu\visu_pick_callback.cpp">
      <Filter>Source Files\Visualization</Filter>
    </ClCompile>
    <ClCompile Include="..\..\src\visu\visu_rotation_callback.cpp">
      <Filter>Source Files\Visualization</Filter>
    </ClCompile>
    <ClCompile Include="..\..\src\visu\visu_viewer_callback.cpp">
      <Filter>Source Files\Visualization</Filter>
    </ClCompile>
    <ClCompile Include="..\..\src\visu\visu_interactor_style_pick.cpp">
      <Filter>Source Files\Visualization</Filter>
    </ClCompile>
    <ClCompile Include="..\..\src\geom\geom_STEP.cpp">
      <Filter>Source Files\Geometry</Filter>
    </ClCompile>
    <ClCompile Include="..\..\src\visu\visu_curve_source.cpp">
      <Filter>Source Files\Visualization</Filter>
    </ClCompile>
    <ClCompile Include="..\..\src\visu\visu_face_domain_pipeline.cpp">
      <Filter>Source Files\Visualization</Filter>
    </ClCompile>
    <ClCompile Include="..\..\src\geom\geom_face_node.cpp">
      <Filter>Source Files\Geometry</Filter>
    </ClCompile>
    <ClCompile Include="..\..\src\visu\prs\visu_geom_face_prs.cpp">
      <Filter>Source Files\Visualization\Presentation</Filter>
    </ClCompile>
    <ClCompile Include="..\..\src\visu\visu_face_data_provider.cpp">
      <Filter>Source Files\Visualization</Filter>
    </ClCompile>
    <ClCompile Include="..\..\src\visu\visu_pcurve_source.cpp">
      <Filter>Source Files\Visualization</Filter>
    </ClCompile>
    <ClCompile Include="..\..\src\gui\gui_object_browser.cpp">
      <Filter>Source Files\GUI</Filter>
    </ClCompile>
    <ClCompile Include="..\..\src\gui\gui_viewer_part.cpp">
      <Filter>Source Files\GUI</Filter>
    </ClCompile>
    <ClCompile Include="..\..\src\gui\gui_viewer_domain.cpp">
      <Filter>Source Files\GUI</Filter>
    </ClCompile>
    <ClCompile Include="..\..\src\gui\gui_viewer.cpp">
      <Filter>Source Files\GUI</Filter>
    </ClCompile>
    <ClCompile Include="..\..\src\gui\gui_viewer_surface.cpp">
      <Filter>Source Files\GUI</Filter>
    </ClCompile>
    <ClCompile Include="..\..\src\visu\visu_face_surface_pipeline.cpp">
      <Filter>Source Files\Visualization</Filter>
    </ClCompile>
    <ClCompile Include="..\..\src\geom\geom_surf_node.cpp">
      <Filter>Source Files\Geometry</Filter>
    </ClCompile>
    <ClCompile Include="..\..\src\visu\prs\visu_geom_surf_prs.cpp">
      <Filter>Source Files\Visualization\Presentation</Filter>
    </ClCompile>
    <ClCompile Include="..\..\src\visu\visu_topo_graph.cpp">
      <Filter>Source Files\Visualization</Filter>
    </ClCompile>
    <ClCompile Include="..\..\src\gui\gui_main_window_asitus.cpp">
      <Filter>Source Files\GUI</Filter>
    </ClCompile>
    <ClCompile Include="..\..\src\gui\gui_welcome_window.cpp">
      <Filter>Source Files\GUI</Filter>
    </ClCompile>
    <ClCompile Include="..\..\src\gui\gui_main_window_skinning.cpp">
      <Filter>Source Files\GUI</Filter>
    </ClCompile>
    <ClCompile Include="..\..\src\gui\gui_viewer_skinner.cpp">
      <Filter>Source Files\GUI</Filter>
    </ClCompile>
    <ClCompile Include="..\..\src\gui\gui_controls_part.cpp">
      <Filter>Source Files\GUI</Filter>
    </ClCompile>
    <ClCompile Include="..\..\src\gui\gui_controls_section.cpp">
      <Filter>Source Files\GUI</Filter>
    </ClCompile>
    <ClCompile Include="..\..\src\gui\gui_viewer_section.cpp">
      <Filter>Source Files\GUI</Filter>
    </ClCompile>
    <ClCompile Include="..\..\src\geom\geom_part_node.cpp">
      <Filter>Source Files\Geometry</Filter>
    </ClCompile>
    <ClCompile Include="..\..\src\geom\skinning\geom_sections_node.cpp">
      <Filter>Source Files\Geometry\Skinning</Filter>
    </ClCompile>
    <ClCompile Include="..\..\src\geom\skinning\geom_section_node.cpp">
      <Filter>Source Files\Geometry\Skinning</Filter>
    </ClCompile>
    <ClCompile Include="..\..\src\visu\prs\visu_section_prs.cpp">
      <Filter>Source Files\Visualization\Presentation</Filter>
    </ClCompile>
    <ClCompile Include="..\..\src\gui\gui_line_edit.cpp">
      <Filter>Source Files\GUI</Filter>
    </ClCompile>
    <ClCompile Include="..\..\src\visu\prs\visu_sections_prs.cpp">
      <Filter>Source Files\Visualization\Presentation</Filter>
    </ClCompile>
    <ClCompile Include="..\..\src\visu\visu_sections_pipeline.cpp">
      <Filter>Source Files\Visualization</Filter>
    </ClCompile>
    <ClCompile Include="..\..\src\visu\visu_sections_data_provider.cpp">
      <Filter>Source Files\Visualization</Filter>
    </ClCompile>
    <ClCompile Include="..\..\src\gui\gui_prim_data_adaptor.cpp">
      <Filter>Source Files\GUI</Filter>
    </ClCompile>
    <ClCompile Include="..\..\src\gui\gui_prim_data_view.cpp">
      <Filter>Source Files\GUI</Filter>
    </ClCompile>
    <ClCompile Include="..\..\src\gui\gui_data_adaptor.cpp">
      <Filter>Source Files\GUI</Filter>
    </ClCompile>
    <ClCompile Include="..\..\src\gui\gui_controls_skinning.cpp">
      <Filter>Source Files\GUI</Filter>
    </ClCompile>
    <ClCompile Include="..\..\src\gui\gui_viewer_mesh.cpp">
      <Filter>Source Files\GUI</Filter>
    </ClCompile>
    <ClCompile Include="..\..\src\gui\gui_controls_mesh.cpp">
      <Filter>Source Files\GUI</Filter>
    </ClCompile>
    <ClCompile Include="..\..\src\gui\gui_main_window_meshedit.cpp">
      <Filter>Source Files\GUI</Filter>
    </ClCompile>
    <ClCompile Include="..\..\src\mesh\mesh_convert.cpp">
      <Filter>Source Files\Mesh</Filter>
    </ClCompile>
    <ClCompile Include="..\..\src\visu\visu_section_pipeline.cpp">
      <Filter>Source Files\Visualization</Filter>
    </ClCompile>
    <ClCompile Include="..\..\src\visu\visu_bcurve_poles_source.cpp">
      <Filter>Source Files\Visualization</Filter>
    </ClCompile>
    <ClCompile Include="..\..\src\visu\visu_bcurve_poles_pipeline.cpp">
      <Filter>Source Files\Visualization</Filter>
    </ClCompile>
    <ClCompile Include="..\..\src\visu\visu_interactor_style_pick_2d.cpp">
      <Filter>Source Files\Visualization</Filter>
    </ClCompile>
    <ClCompile Include="..\..\src\visu\visu_section_data_provider.cpp">
      <Filter>Source Files\Visualization</Filter>
    </ClCompile>
  </ItemGroup>
  <ItemGroup>
    <CustomBuild Include="..\..\src\gui\gui_splitter.h">
      <Filter>Header Files\GUI</Filter>
    </CustomBuild>
    <CustomBuild Include="..\..\src\visu\visu_pick_callback.h">
      <Filter>Header Files\Visualization</Filter>
    </CustomBuild>
    <CustomBuild Include="..\..\src\gui\gui_object_browser.h">
      <Filter>Header Files\GUI</Filter>
    </CustomBuild>
    <CustomBuild Include="..\..\src\gui\gui_viewer_part.h">
      <Filter>Header Files\GUI</Filter>
    </CustomBuild>
    <CustomBuild Include="..\..\src\gui\gui_viewer_domain.h">
      <Filter>Header Files\GUI</Filter>
    </CustomBuild>
    <CustomBuild Include="..\..\src\gui\gui_viewer.h">
      <Filter>Header Files\GUI</Filter>
    </CustomBuild>
    <CustomBuild Include="..\..\src\gui\gui_viewer_surface.h">
      <Filter>Header Files\GUI</Filter>
    </CustomBuild>
    <CustomBuild Include="..\..\src\gui\gui_main_window_asitus.h">
      <Filter>Header Files\GUI</Filter>
    </CustomBuild>
    <CustomBuild Include="..\..\src\gui\gui_welcome_window.h">
      <Filter>Header Files\GUI</Filter>
    </CustomBuild>
    <CustomBuild Include="..\..\src\gui\gui_main_window_skinning.h">
      <Filter>Header Files\GUI</Filter>
    </CustomBuild>
    <CustomBuild Include="..\..\src\gui\gui_controls_part.h">
      <Filter>Header Files\GUI</Filter>
    </CustomBuild>
    <CustomBuild Include="..\..\src\gui\gui_viewer_skinner.h">
      <Filter>Header Files\GUI</Filter>
    </CustomBuild>
    <CustomBuild Include="..\..\src\gui\gui_controls_section.h">
      <Filter>Header Files\GUI</Filter>
    </CustomBuild>
    <CustomBuild Include="..\..\src\gui\gui_viewer_section.h">
      <Filter>Header Files\GUI</Filter>
    </CustomBuild>
    <CustomBuild Include="..\..\src\gui\gui_line_edit.h">
      <Filter>Header Files\GUI</Filter>
    </CustomBuild>
    <CustomBuild Include="..\..\src\gui\gui_prim_data_view.h">
      <Filter>Header Files\GUI</Filter>
    </CustomBuild>
    <CustomBuild Include="..\..\src\gui\gui_controls_skinning.h">
      <Filter>Header Files\GUI</Filter>
    </CustomBuild>
    <CustomBuild Include="..\..\src\gui\gui_viewer_mesh.h">
      <Filter>Header Files\GUI</Filter>
    </CustomBuild>
    <CustomBuild Include="..\..\src\gui\gui_controls_mesh.h">
      <Filter>Header Files\GUI</Filter>
    </CustomBuild>
    <CustomBuild Include="..\..\src\gui\gui_main_window_meshedit.h">
      <Filter>Header Files\GUI</Filter>
    </CustomBuild>
  </ItemGroup>
</Project>