
Microsoft Visual Studio Solution File, Format Version 12.00
# Visual Studio 2013
VisualStudioVersion = 12.0.21005.1
MinimumVisualStudioVersion = 10.0.40219.1
Project("{8BC9CEB8-8B4A-11D0-8D11-00A0C91BC942}") = "asiAlgo", "asiAlgo.vcxproj", "{18BDD73E-5256-451D-9DF9-7E38B34E6191}"
EndProject
Project("{8BC9CEB8-8B4A-11D0-8D11-00A0C91BC942}") = "asiData", "asiData.vcxproj", "{8B06C62D-603C-401C-9D8E-F251C8A4A2C7}"
EndProject
Project("{8BC9CEB8-8B4A-11D0-8D11-00A0C91BC942}") = "asiEngine", "asiEngine.vcxproj", "{1EF86927-32BD-48CE-9DCD-7DBFA3FE6F34}"
EndProject
Project("{8BC9CEB8-8B4A-11D0-8D11-00A0C91BC942}") = "asiUI", "asiUI.vcxproj", "{E08413BB-FDC9-4674-810C-DBA4BF7C35E2}"
EndProject
Project("{8BC9CEB8-8B4A-11D0-8D11-00A0C91BC942}") = "asiVisu", "asiVisu.vcxproj", "{2DD37131-6046-4B5D-8DED-09E25B718D61}"
EndProject
Project("{8BC9CEB8-8B4A-11D0-8D11-00A0C91BC942}") = "exe", "exe.vcxproj", "{986C8029-57AB-47BE-80C7-132395FFFD9D}"
EndProject
Global
	GlobalSection(SolutionConfigurationPlatforms) = preSolution
		Debug|x64 = Debug|x64
		Release|x64 = Release|x64
	EndGlobalSection
	GlobalSection(ProjectConfigurationPlatforms) = postSolution
		{18BDD73E-5256-451D-9DF9-7E38B34E6191}.Debug|x64.ActiveCfg = Debug|x64
		{18BDD73E-5256-451D-9DF9-7E38B34E6191}.Debug|x64.Build.0 = Debug|x64
		{18BDD73E-5256-451D-9DF9-7E38B34E6191}.Release|x64.ActiveCfg = Release|x64
		{18BDD73E-5256-451D-9DF9-7E38B34E6191}.Release|x64.Build.0 = Release|x64
		{8B06C62D-603C-401C-9D8E-F251C8A4A2C7}.Debug|x64.ActiveCfg = Debug|x64
		{8B06C62D-603C-401C-9D8E-F251C8A4A2C7}.Debug|x64.Build.0 = Debug|x64
		{8B06C62D-603C-401C-9D8E-F251C8A4A2C7}.Release|x64.ActiveCfg = Release|x64
		{8B06C62D-603C-401C-9D8E-F251C8A4A2C7}.Release|x64.Build.0 = Release|x64
		{1EF86927-32BD-48CE-9DCD-7DBFA3FE6F34}.Debug|x64.ActiveCfg = Debug|x64
		{1EF86927-32BD-48CE-9DCD-7DBFA3FE6F34}.Debug|x64.Build.0 = Debug|x64
		{1EF86927-32BD-48CE-9DCD-7DBFA3FE6F34}.Release|x64.ActiveCfg = Release|x64
		{1EF86927-32BD-48CE-9DCD-7DBFA3FE6F34}.Release|x64.Build.0 = Release|x64
		{E08413BB-FDC9-4674-810C-DBA4BF7C35E2}.Debug|x64.ActiveCfg = Debug|x64
		{E08413BB-FDC9-4674-810C-DBA4BF7C35E2}.Debug|x64.Build.0 = Debug|x64
		{E08413BB-FDC9-4674-810C-DBA4BF7C35E2}.Release|x64.ActiveCfg = Release|x64
		{E08413BB-FDC9-4674-810C-DBA4BF7C35E2}.Release|x64.Build.0 = Release|x64
		{2DD37131-6046-4B5D-8DED-09E25B718D61}.Debug|x64.ActiveCfg = Debug|x64
		{2DD37131-6046-4B5D-8DED-09E25B718D61}.Debug|x64.Build.0 = Debug|x64
		{2DD37131-6046-4B5D-8DED-09E25B718D61}.Release|x64.ActiveCfg = Release|x64
		{2DD37131-6046-4B5D-8DED-09E25B718D61}.Release|x64.Build.0 = Release|x64
		{986C8029-57AB-47BE-80C7-132395FFFD9D}.Debug|x64.ActiveCfg = Debug|x64
		{986C8029-57AB-47BE-80C7-132395FFFD9D}.Debug|x64.Build.0 = Debug|x64
		{986C8029-57AB-47BE-80C7-132395FFFD9D}.Release|x64.ActiveCfg = Release|x64
		{986C8029-57AB-47BE-80C7-132395FFFD9D}.Release|x64.Build.0 = Release|x64
	EndGlobalSection
	GlobalSection(SolutionProperties) = preSolution
		HideSolutionNode = FALSE
	EndGlobalSection
EndGlobal
