<?xml version="1.0" encoding="utf-8"?>
<Project ToolsVersion="4.0" xmlns="http://schemas.microsoft.com/developer/msbuild/2003">
  <ItemGroup>
    <Filter Include="Source Files">
      <UniqueIdentifier>{4FC737F1-C7A5-4376-A066-2A32D752A2FF}</UniqueIdentifier>
      <Extensions>cpp;c;cc;cxx;def;odl;idl;hpj;bat;asm;asmx</Extensions>
    </Filter>
    <Filter Include="Header Files">
      <UniqueIdentifier>{93995380-89BD-4b04-88EB-625FBE52EBFB}</UniqueIdentifier>
      <Extensions>h;hpp;hxx;hm;inl;inc;xsd</Extensions>
    </Filter>
    <Filter Include="Header Files\Controls">
      <UniqueIdentifier>{1e8d2d5a-18ce-4571-a22e-7aa5fbee6e81}</UniqueIdentifier>
    </Filter>
    <Filter Include="Header Files\Dialogs">
      <UniqueIdentifier>{ae9013b6-c5e8-49ef-8cc2-2b138fbf1dfe}</UniqueIdentifier>
    </Filter>
    <Filter Include="Header Files\Interaction">
      <UniqueIdentifier>{7979f1d7-23eb-47df-a3e4-e7e1f5711f0f}</UniqueIdentifier>
    </Filter>
    <Filter Include="Header Files\Utils">
      <UniqueIdentifier>{21a47de2-21d8-4747-8afa-acad7f805320}</UniqueIdentifier>
    </Filter>
    <Filter Include="Header Files\Viewers">
      <UniqueIdentifier>{1cc61559-609a-4924-b1c6-02415454299c}</UniqueIdentifier>
    </Filter>
    <Filter Include="MOC">
      <UniqueIdentifier>{693ecc3c-eafe-40a0-aec5-d717ad47f87f}</UniqueIdentifier>
    </Filter>
    <Filter Include="Source Files\Controls">
      <UniqueIdentifier>{d662f9f4-8082-47d0-a370-f75e945e987f}</UniqueIdentifier>
    </Filter>
    <Filter Include="Source Files\Dialogs">
      <UniqueIdentifier>{9b1c78ec-8643-4b89-8cbb-901f4df7c0e4}</UniqueIdentifier>
    </Filter>
    <Filter Include="Source Files\Interaction">
      <UniqueIdentifier>{b224d336-fb0c-43d2-bf7e-1d9d4ba30fad}</UniqueIdentifier>
    </Filter>
    <Filter Include="Source Files\Utils">
      <UniqueIdentifier>{68638f35-63e1-474b-ac15-241b0ff14be8}</UniqueIdentifier>
    </Filter>
    <Filter Include="Source Files\Viewers">
      <UniqueIdentifier>{d66e770a-fdfd-4dc8-9e6e-7a62cb314a4b}</UniqueIdentifier>
    </Filter>
    <Filter Include="Header Files\Graphs">
      <UniqueIdentifier>{f74eb140-c6ab-49ae-a441-97d3beff9b61}</UniqueIdentifier>
    </Filter>
    <Filter Include="Source Files\Graphs">
      <UniqueIdentifier>{374b4000-2f65-4380-9eb2-562389450f0b}</UniqueIdentifier>
    </Filter>
  </ItemGroup>
  <ItemGroup>
    <ClInclude Include="..\..\src\asiUI\utils\asiUI_Common.h">
      <Filter>Header Files\Utils</Filter>
    </ClInclude>
    <ClInclude Include="..\..\src\asiUI\utils\asiUI_DataAdaptor.h">
      <Filter>Header Files\Utils</Filter>
    </ClInclude>
    <ClInclude Include="..\..\src\asiUI\utils\asiUI_PrimDataAdaptor.h">
      <Filter>Header Files\Utils</Filter>
    </ClInclude>
    <ClInclude Include="..\..\src\asiUI\interaction\asiUI_PickFacetCallback.h">
      <Filter>Header Files\Interaction</Filter>
    </ClInclude>
    <ClInclude Include="..\..\src\asiUI\interaction\asiUI_RotationCallback.h">
      <Filter>Header Files\Interaction</Filter>
    </ClInclude>
    <ClInclude Include="..\..\src\asiUI\interaction\asiUI_ViewerCallback.h">
      <Filter>Header Files\Interaction</Filter>
    </ClInclude>
    <ClInclude Include="..\..\src\asiUI\utils\asiUI_JournalIV.h">
      <Filter>Header Files\Utils</Filter>
    </ClInclude>
    <ClInclude Include="..\..\src\asiUI\interaction\asiUI_PickEdgeCallback.h">
      <Filter>Header Files\Interaction</Filter>
    </ClInclude>
    <ClInclude Include="..\..\src\asiUI\graphs\asiUI_AAGAdaptor.h">
      <Filter>Header Files\Graphs</Filter>
    </ClInclude>
    <ClInclude Include="..\..\src\asiUI\controls\asiUI_IStatusBar.h">
      <Filter>Header Files\Controls</Filter>
    </ClInclude>
    <ClInclude Include="..\..\src\asiUI\controls\asiUI_StatusBarImpl.h">
      <Filter>Header Files\Controls</Filter>
    </ClInclude>
    <ClInclude Include="..\..\src\asiUI\utils\asiUI_Logger.h">
      <Filter>Header Files\Utils</Filter>
    </ClInclude>
  </ItemGroup>
  <ItemGroup>
    <ClCompile Include="..\..\src\asiUI\controls\asiUI_ControlsPart.cpp">
      <Filter>Source Files\Controls</Filter>
    </ClCompile>
    <ClCompile Include="..\..\src\asiUI\controls\asiUI_LineEdit.cpp">
      <Filter>Source Files\Controls</Filter>
    </ClCompile>
    <ClCompile Include="..\..\src\asiUI\controls\asiUI_ObjectBrowser.cpp">
      <Filter>Source Files\Controls</Filter>
    </ClCompile>
    <ClCompile Include="..\..\src\asiUI\dialogs\asiUI_DialogFindFace.cpp">
      <Filter>Source Files\Dialogs</Filter>
    </ClCompile>
    <ClCompile Include="..\..\src\asiUI\dialogs\asiUI_DialogSewing.cpp">
      <Filter>Source Files\Dialogs</Filter>
    </ClCompile>
    <ClCompile Include="..\..\src\asiUI\dialogs\asiUI_DialogSTEP.cpp">
      <Filter>Source Files\Dialogs</Filter>
    </ClCompile>
    <ClCompile Include="..\..\src\asiUI\dialogs\asiUI_DialogSTEPDelegate.cpp">
      <Filter>Source Files\Dialogs</Filter>
    </ClCompile>
    <ClCompile Include="..\..\src\asiUI\viewers\asiUI_Viewer.cpp">
      <Filter>Source Files\Viewers</Filter>
    </ClCompile>
    <ClCompile Include="..\..\src\asiUI\viewers\asiUI_ViewerCurve2d.cpp">
      <Filter>Source Files\Viewers</Filter>
    </ClCompile>
    <ClCompile Include="..\..\src\asiUI\viewers\asiUI_ViewerDomain.cpp">
      <Filter>Source Files\Viewers</Filter>
    </ClCompile>
    <ClCompile Include="..\..\src\asiUI\viewers\asiUI_ViewerFuncUnivariate.cpp">
      <Filter>Source Files\Viewers</Filter>
    </ClCompile>
    <ClCompile Include="..\..\src\asiUI\viewers\asiUI_ViewerPart.cpp">
      <Filter>Source Files\Viewers</Filter>
    </ClCompile>
    <ClCompile Include="..\..\src\asiUI\viewers\asiUI_ViewerSurface.cpp">
      <Filter>Source Files\Viewers</Filter>
    </ClCompile>
    <ClCompile Include="..\..\src\asiUI\viewers\asiUI_VtkWindow.cpp">
      <Filter>Source Files\Viewers</Filter>
    </ClCompile>
    <ClCompile Include="..\..\src\asiUI\utils\asiUI_Common.cpp">
      <Filter>Source Files\Utils</Filter>
    </ClCompile>
    <ClCompile Include="..\..\src\asiUI\utils\asiUI_DataAdaptor.cpp">
      <Filter>Source Files\Utils</Filter>
    </ClCompile>
    <ClCompile Include="..\..\src\asiUI\utils\asiUI_PrimDataAdaptor.cpp">
      <Filter>Source Files\Utils</Filter>
    </ClCompile>
    <ClCompile Include="..\..\src\asiUI\utils\asiUI_PrimDataView.cpp">
      <Filter>Source Files\Utils</Filter>
    </ClCompile>
    <ClCompile Include="..\..\src\asiUI\interaction\asiUI_PartCallback.cpp">
      <Filter>Source Files\Interaction</Filter>
    </ClCompile>
    <ClCompile Include="..\..\src\asiUI\interaction\asiUI_PDomainCallback.cpp">
      <Filter>Source Files\Interaction</Filter>
    </ClCompile>
    <ClCompile Include="..\..\src\asiUI\interaction\asiUI_PickCallback.cpp">
      <Filter>Source Files\Interaction</Filter>
    </ClCompile>
    <ClCompile Include="..\..\src\asiUI\interaction\asiUI_PickFacetCallback.cpp">
      <Filter>Source Files\Interaction</Filter>
    </ClCompile>
    <ClCompile Include="..\..\src\asiUI\interaction\asiUI_RotationCallback.cpp">
      <Filter>Source Files\Interaction</Filter>
    </ClCompile>
    <ClCompile Include="..\..\src\asiUI\interaction\asiUI_ViewerCallback.cpp">
      <Filter>Source Files\Interaction</Filter>
    </ClCompile>
    <ClCompile Include="..\..\src\asiUI\utils\asiUI_JournalIV.cpp">
      <Filter>Source Files\Utils</Filter>
    </ClCompile>
    <ClCompile Include="$(IntDir)moc\moc_asiUI_TopoGraph.cpp">
      <Filter>MOC</Filter>
    </ClCompile>
    <ClCompile Include="$(IntDir)moc\moc_asiUI_TopoGraphItem.cpp">
      <Filter>MOC</Filter>
    </ClCompile>
    <ClCompile Include="$(IntDir)moc\moc_asiUI_ControlsFeature.cpp">
      <Filter>MOC</Filter>
    </ClCompile>
    <ClCompile Include="$(IntDir)moc\moc_asiUI_ControlsPart.cpp">
      <Filter>MOC</Filter>
    </ClCompile>
    <ClCompile Include="$(IntDir)moc\moc_asiUI_LineEdit.cpp">
      <Filter>MOC</Filter>
    </ClCompile>
    <ClCompile Include="$(IntDir)moc\moc_asiUI_ObjectBrowser.cpp">
      <Filter>MOC</Filter>
    </ClCompile>
    <ClCompile Include="$(IntDir)moc\moc_asiUI_DialogFindEdge.cpp">
      <Filter>MOC</Filter>
    </ClCompile>
    <ClCompile Include="$(IntDir)moc\moc_asiUI_DialogFindFace.cpp">
      <Filter>MOC</Filter>
    </ClCompile>
    <ClCompile Include="$(IntDir)moc\moc_asiUI_DialogSewing.cpp">
      <Filter>MOC</Filter>
    </ClCompile>
    <ClCompile Include="$(IntDir)moc\moc_asiUI_DialogSTEP.cpp">
      <Filter>MOC</Filter>
    </ClCompile>
    <ClCompile Include="$(IntDir)moc\moc_asiUI_DialogSTEPDelegate.cpp">
      <Filter>MOC</Filter>
    </ClCompile>
    <ClCompile Include="$(IntDir)moc\moc_asiUI_PartCallback.cpp">
      <Filter>MOC</Filter>
    </ClCompile>
    <ClCompile Include="$(IntDir)moc\moc_asiUI_PDomainCallback.cpp">
      <Filter>MOC</Filter>
    </ClCompile>
    <ClCompile Include="$(IntDir)moc\moc_asiUI_PickCallback.cpp">
      <Filter>MOC</Filter>
    </ClCompile>
    <ClCompile Include="$(IntDir)moc\moc_asiUI_PrimDataView.cpp">
      <Filter>MOC</Filter>
    </ClCompile>
    <ClCompile Include="$(IntDir)moc\moc_asiUI_Viewer.cpp">
      <Filter>MOC</Filter>
    </ClCompile>
    <ClCompile Include="$(IntDir)moc\moc_asiUI_ViewerCurve2d.cpp">
      <Filter>MOC</Filter>
    </ClCompile>
    <ClCompile Include="$(IntDir)moc\moc_asiUI_ViewerDomain.cpp">
      <Filter>MOC</Filter>
    </ClCompile>
    <ClCompile Include="$(IntDir)moc\moc_asiUI_ViewerFuncUnivariate.cpp">
      <Filter>MOC</Filter>
    </ClCompile>
    <ClCompile Include="$(IntDir)moc\moc_asiUI_ViewerPart.cpp">
      <Filter>MOC</Filter>
    </ClCompile>
    <ClCompile Include="$(IntDir)moc\moc_asiUI_ViewerSurface.cpp">
      <Filter>MOC</Filter>
    </ClCompile>
    <ClCompile Include="$(IntDir)moc\moc_asiUI_VtkWindow.cpp">
      <Filter>MOC</Filter>
    </ClCompile>
    <ClCompile Include="$(IntDir)moc\moc_asiUI_ControlsPartListener.cpp">
      <Filter>MOC</Filter>
    </ClCompile>
    <ClCompile Include="$(IntDir)moc\moc_asiUI_ViewerDomainListener.cpp">
      <Filter>MOC</Filter>
    </ClCompile>
    <ClCompile Include="$(IntDir)moc\moc_asiUI_ViewerPartListener.cpp">
      <Filter>MOC</Filter>
    </ClCompile>
    <ClCompile Include="$(IntDir)moc\moc_asiUI_ProgressNotifier.cpp">
      <Filter>MOC</Filter>
    </ClCompile>
    <ClCompile Include="$(IntDir)moc\moc_asiUI_ProgressListener.cpp">
      <Filter>MOC</Filter>
    </ClCompile>
    <ClCompile Include="$(IntDir)moc\moc_asiUI_StatusBar.cpp">
      <Filter>MOC</Filter>
    </ClCompile>
    <ClCompile Include="$(IntDir)moc\moc_asiUI_OverrideCursor.cpp">
      <Filter>MOC</Filter>
    </ClCompile>
    <ClCompile Include="..\..\src\asiUI\viewers\asiUI_ViewerDomainListener.cpp">
      <Filter>Source Files\Viewers</Filter>
    </ClCompile>
    <ClCompile Include="..\..\src\asiUI\controls\asiUI_ControlsPartListener.cpp">
      <Filter>Source Files\Controls</Filter>
    </ClCompile>
    <ClCompile Include="..\..\src\asiUI\viewers\asiUI_ViewerPartListener.cpp">
      <Filter>Source Files\Viewers</Filter>
    </ClCompile>
    <ClCompile Include="..\..\src\asiUI\dialogs\asiUI_DialogFindEdge.cpp">
      <Filter>Source Files\Dialogs</Filter>
    </ClCompile>
    <ClCompile Include="..\..\src\asiUI\interaction\asiUI_PickEdgeCallback.cpp">
      <Filter>Source Files\Interaction</Filter>
    </ClCompile>
    <ClCompile Include="..\..\src\asiUI\controls\asiUI_ControlsFeature.cpp">
      <Filter>Source Files\Controls</Filter>
    </ClCompile>
    <ClCompile Include="..\..\src\asiUI\graphs\asiUI_AAGAdaptor.cpp">
      <Filter>Source Files\Graphs</Filter>
    </ClCompile>
    <ClCompile Include="..\..\src\asiUI\graphs\asiUI_TopoGraph.cpp">
      <Filter>Source Files\Graphs</Filter>
    </ClCompile>
    <ClCompile Include="..\..\src\asiUI\graphs\asiUI_TopoGraphItem.cpp">
      <Filter>Source Files\Graphs</Filter>
    </ClCompile>
    <ClCompile Include="..\..\src\asiUI\utils\asiUI_ProgressNotifier.cpp">
      <Filter>Source Files\Utils</Filter>
    </ClCompile>
    <ClCompile Include="..\..\src\asiUI\controls\asiUI_StatusBar.cpp">
      <Filter>Source Files\Controls</Filter>
    </ClCompile>
    <ClCompile Include="..\..\src\asiUI\controls\asiUI_StatusBarImpl.cpp">
      <Filter>Source Files\Controls</Filter>
    </ClCompile>
    <ClCompile Include="..\..\src\asiUI\utils\asiUI_ProgressListener.cpp">
      <Filter>Source Files\Utils</Filter>
    </ClCompile>
    <ClCompile Include="..\..\src\asiUI\utils\asiUI_OverrideCursor.cpp">
      <Filter>Source Files\Utils</Filter>
    </ClCompile>
    <ClCompile Include="..\..\src\asiUI\utils\asiUI_Logger.cpp">
      <Filter>Source Files\Utils</Filter>
    </ClCompile>
  </ItemGroup>
  <ItemGroup>
    <CustomBuild Include="..\..\src\asiUI\viewers\asiUI_ViewerDomain.h">
      <Filter>Header Files\Viewers</Filter>
    </CustomBuild>
    <CustomBuild Include="..\..\src\asiUI\viewers\asiUI_ViewerFuncUnivariate.h">
      <Filter>Header Files\Viewers</Filter>
    </CustomBuild>
    <CustomBuild Include="..\..\src\asiUI\viewers\asiUI_ViewerPart.h">
      <Filter>Header Files\Viewers</Filter>
    </CustomBuild>
    <CustomBuild Include="..\..\src\asiUI\viewers\asiUI_ViewerSurface.h">
      <Filter>Header Files\Viewers</Filter>
    </CustomBuild>
    <CustomBuild Include="..\..\src\asiUI\viewers\asiUI_VtkWindow.h">
      <Filter>Header Files\Viewers</Filter>
    </CustomBuild>
    <CustomBuild Include="..\..\src\asiUI\utils\asiUI_PrimDataView.h">
      <Filter>Header Files\Utils</Filter>
    </CustomBuild>
    <CustomBuild Include="..\..\src\asiUI\interaction\asiUI_PickCallback.h">
      <Filter>Header Files\Interaction</Filter>
    </CustomBuild>
    <CustomBuild Include="..\..\src\asiUI\interaction\asiUI_PDomainCallback.h">
      <Filter>Header Files\Interaction</Filter>
    </CustomBuild>
    <CustomBuild Include="..\..\src\asiUI\interaction\asiUI_PartCallback.h">
      <Filter>Header Files\Interaction</Filter>
    </CustomBuild>
    <CustomBuild Include="..\..\src\asiUI\controls\asiUI_ControlsPart.h">
      <Filter>Header Files\Controls</Filter>
    </CustomBuild>
    <CustomBuild Include="..\..\src\asiUI\controls\asiUI_LineEdit.h">
      <Filter>Header Files\Controls</Filter>
    </CustomBuild>
    <CustomBuild Include="..\..\src\asiUI\controls\asiUI_ObjectBrowser.h">
      <Filter>Header Files\Controls</Filter>
    </CustomBuild>
    <CustomBuild Include="..\..\src\asiUI\viewers\asiUI_Viewer.h">
      <Filter>Header Files\Controls</Filter>
    </CustomBuild>
    <CustomBuild Include="..\..\src\asiUI\viewers\asiUI_ViewerCurve2d.h">
      <Filter>Header Files\Controls</Filter>
    </CustomBuild>
    <CustomBuild Include="..\..\src\asiUI\dialogs\asiUI_DialogFindFace.h">
      <Filter>Header Files\Dialogs</Filter>
    </CustomBuild>
    <CustomBuild Include="..\..\src\asiUI\dialogs\asiUI_DialogSewing.h">
      <Filter>Header Files\Dialogs</Filter>
    </CustomBuild>
    <CustomBuild Include="..\..\src\asiUI\dialogs\asiUI_DialogSTEP.h">
      <Filter>Header Files\Dialogs</Filter>
    </CustomBuild>
    <CustomBuild Include="..\..\src\asiUI\dialogs\asiUI_DialogSTEPDelegate.h">
      <Filter>Header Files\Dialogs</Filter>
    </CustomBuild>
    <CustomBuild Include="..\..\src\asiUI\controls\asiUI_ControlsPartListener.h">
      <Filter>Header Files\Controls</Filter>
    </CustomBuild>
    <CustomBuild Include="..\..\src\asiUI\viewers\asiUI_ViewerDomainListener.h">
      <Filter>Header Files\Viewers</Filter>
    </CustomBuild>
    <CustomBuild Include="..\..\src\asiUI\viewers\asiUI_ViewerPartListener.h">
      <Filter>Header Files\Viewers</Filter>
    </CustomBuild>
    <CustomBuild Include="..\..\src\asiUI\dialogs\asiUI_DialogFindEdge.h">
      <Filter>Header Files\Dialogs</Filter>
    </CustomBuild>
    <CustomBuild Include="..\..\src\asiUI\graphs\asiUI_TopoGraphItem.h">
      <Filter>Header Files\Graphs</Filter>
    </CustomBuild>
    <CustomBuild Include="..\..\src\asiUI\graphs\asiUI_TopoGraph.h">
      <Filter>Header Files\Graphs</Filter>
    </CustomBuild>
    <CustomBuild Include="..\..\src\asiUI\controls\asiUI_ControlsFeature.h">
      <Filter>Header Files\Controls</Filter>
    </CustomBuild>
    <CustomBuild Include="..\..\src\asiUI\utils\asiUI_ProgressNotifier.h">
      <Filter>Header Files\Utils</Filter>
    </CustomBuild>
    <CustomBuild Include="..\..\src\asiUI\controls\asiUI_StatusBar.h">
      <Filter>Header Files\Controls</Filter>
    </CustomBuild>
    <CustomBuild Include="..\..\src\asiUI\utils\asiUI_ProgressListener.h">
      <Filter>Header Files\Utils</Filter>
    </CustomBuild>
    <CustomBuild Include="..\..\src\asiUI\utils\asiUI_OverrideCursor.h">
      <Filter>Header Files\Utils</Filter>
    </CustomBuild>
  </ItemGroup>
</Project>