<?xml version="1.0" encoding="utf-8"?>
<Project ToolsVersion="4.0" xmlns="http://schemas.microsoft.com/developer/msbuild/2003">
  <ItemGroup>
    <Filter Include="Source Files">
      <UniqueIdentifier>{4FC737F1-C7A5-4376-A066-2A32D752A2FF}</UniqueIdentifier>
      <Extensions>cpp;c;cc;cxx;def;odl;idl;hpj;bat;asm;asmx</Extensions>
    </Filter>
    <Filter Include="Header Files">
      <UniqueIdentifier>{93995380-89BD-4b04-88EB-625FBE52EBFB}</UniqueIdentifier>
      <Extensions>h;hpp;hxx;hm;inl;inc;xsd</Extensions>
    </Filter>
    <Filter Include="Header Files\Filters">
      <UniqueIdentifier>{7189735e-bbad-41ac-9bca-875f9b361c79}</UniqueIdentifier>
    </Filter>
    <Filter Include="Header Files\Pipelines">
      <UniqueIdentifier>{7c10ccf8-ab4b-42a4-bd7a-263fe8495ba0}</UniqueIdentifier>
    </Filter>
    <Filter Include="Header Files\Presentations">
      <UniqueIdentifier>{5e7bf7c6-d35b-4847-8093-3cc797515d86}</UniqueIdentifier>
    </Filter>
    <Filter Include="Header Files\Providers">
      <UniqueIdentifier>{e51b88eb-052b-497e-98a8-2129891caf72}</UniqueIdentifier>
    </Filter>
    <Filter Include="Header Files\Sources">
      <UniqueIdentifier>{092278cc-d12c-4e9e-ab05-937f66f44595}</UniqueIdentifier>
    </Filter>
    <Filter Include="Header Files\Utils">
      <UniqueIdentifier>{b4b64a32-34a1-42b1-875b-8eb401d569f9}</UniqueIdentifier>
    </Filter>
    <Filter Include="Source Files\Filters">
      <UniqueIdentifier>{cdc55157-d2a8-44c6-a396-83d36934cbc4}</UniqueIdentifier>
    </Filter>
    <Filter Include="Source Files\Utils">
      <UniqueIdentifier>{b32c2c94-aa23-497b-86c3-19c3000fe2ce}</UniqueIdentifier>
    </Filter>
    <Filter Include="Source Files\Sources">
      <UniqueIdentifier>{a8324d6b-4648-4c05-9d42-8fcae9a6a739}</UniqueIdentifier>
    </Filter>
    <Filter Include="Source Files\Providers">
      <UniqueIdentifier>{ef1ca0c5-14be-415a-8c4b-cc48299033a0}</UniqueIdentifier>
    </Filter>
    <Filter Include="Source Files\Presentations">
      <UniqueIdentifier>{9e86863d-7cae-4aaf-9e8a-531171d2c17d}</UniqueIdentifier>
    </Filter>
    <Filter Include="Source Files\Pipelines">
      <UniqueIdentifier>{e51e6d76-1aa4-4727-a553-d1165060396c}</UniqueIdentifier>
    </Filter>
  </ItemGroup>
  <ItemGroup>
    <ClInclude Include="..\..\src\asiVisu\filters\asiVisu_MeshENScalarFilter.h">
      <Filter>Header Files\Filters</Filter>
    </ClInclude>
    <ClInclude Include="..\..\src\asiVisu\filters\asiVisu_MeshEScalarFilter.h">
      <Filter>Header Files\Filters</Filter>
    </ClInclude>
    <ClInclude Include="..\..\src\asiVisu\filters\asiVisu_MeshEVectorFilter.h">
      <Filter>Header Files\Filters</Filter>
    </ClInclude>
    <ClInclude Include="..\..\src\asiVisu\filters\asiVisu_MeshNScalarFilter.h">
      <Filter>Header Files\Filters</Filter>
    </ClInclude>
    <ClInclude Include="..\..\src\asiVisu\filters\asiVisu_ShrinkPolyFilter.h">
      <Filter>Header Files\Filters</Filter>
    </ClInclude>
    <ClInclude Include="..\..\src\asiVisu\utils\asiVisu_MeshResultUtils.h">
      <Filter>Header Files\Utils</Filter>
    </ClInclude>
    <ClInclude Include="..\..\src\asiVisu\utils\asiVisu_MeshUtils.h">
      <Filter>Header Files\Utils</Filter>
    </ClInclude>
    <ClInclude Include="..\..\src\asiVisu\utils\asiVisu_Utils.h">
      <Filter>Header Files\Utils</Filter>
    </ClInclude>
    <ClInclude Include="..\..\src\asiVisu\sources\asiVisu_BCurveKnotsSource.h">
      <Filter>Header Files\Sources</Filter>
    </ClInclude>
    <ClInclude Include="..\..\src\asiVisu\sources\asiVisu_BCurvePolesSource.h">
      <Filter>Header Files\Sources</Filter>
    </ClInclude>
    <ClInclude Include="..\..\src\asiVisu\sources\asiVisu_CurveSource.h">
      <Filter>Header Files\Sources</Filter>
    </ClInclude>
    <ClInclude Include="..\..\src\asiVisu\sources\asiVisu_LawSource.h">
      <Filter>Header Files\Sources</Filter>
    </ClInclude>
    <ClInclude Include="..\..\src\asiVisu\sources\asiVisu_MeshSource.h">
      <Filter>Header Files\Sources</Filter>
    </ClInclude>
    <ClInclude Include="..\..\src\asiVisu\sources\asiVisu_MeshTopoSource.h">
      <Filter>Header Files\Sources</Filter>
    </ClInclude>
    <ClInclude Include="..\..\src\asiVisu\sources\asiVisu_PCurveSource.h">
      <Filter>Header Files\Sources</Filter>
    </ClInclude>
    <ClInclude Include="..\..\src\asiVisu\sources\asiVisu_PDomainSource.h">
      <Filter>Header Files\Sources</Filter>
    </ClInclude>
    <ClInclude Include="..\..\src\asiVisu\sources\asiVisu_PointsSource.h">
      <Filter>Header Files\Sources</Filter>
    </ClInclude>
    <ClInclude Include="..\..\src\asiVisu\sources\asiVisu_ShapeDataSource.h">
      <Filter>Header Files\Sources</Filter>
    </ClInclude>
    <ClInclude Include="..\..\src\asiVisu\sources\asiVisu_SurfaceSource.h">
      <Filter>Header Files\Sources</Filter>
    </ClInclude>
    <ClInclude Include="..\..\src\asiVisu\providers\asiVisu_ContourDataProvider.h">
      <Filter>Header Files\Providers</Filter>
    </ClInclude>
    <ClInclude Include="..\..\src\asiVisu\providers\asiVisu_ContourPointsDataProvider.h">
      <Filter>Header Files\Providers</Filter>
    </ClInclude>
    <ClInclude Include="..\..\src\asiVisu\providers\asiVisu_CurveDataProvider.h">
      <Filter>Header Files\Providers</Filter>
    </ClInclude>
    <ClInclude Include="..\..\src\asiVisu\providers\asiVisu_DataProvider.h">
      <Filter>Header Files\Providers</Filter>
    </ClInclude>
    <ClInclude Include="..\..\src\asiVisu\providers\asiVisu_DisplayMode.h">
      <Filter>Header Files\Providers</Filter>
    </ClInclude>
    <ClInclude Include="..\..\src\asiVisu\providers\asiVisu_EdgeDataProvider.h">
      <Filter>Header Files\Providers</Filter>
    </ClInclude>
    <ClInclude Include="..\..\src\asiVisu\providers\asiVisu_FaceDataProvider.h">
      <Filter>Header Files\Providers</Filter>
    </ClInclude>
    <ClInclude Include="..\..\src\asiVisu\providers\asiVisu_IVCurveDataProvider.h">
      <Filter>Header Files\Providers</Filter>
    </ClInclude>
    <ClInclude Include="..\..\src\asiVisu\providers\asiVisu_IVPointSet2dDataProvider.h">
      <Filter>Header Files\Providers</Filter>
    </ClInclude>
    <ClInclude Include="..\..\src\asiVisu\providers\asiVisu_IVPointSetDataProvider.h">
      <Filter>Header Files\Providers</Filter>
    </ClInclude>
    <ClInclude Include="..\..\src\asiVisu\providers\asiVisu_IVSurfaceDataProvider.h">
      <Filter>Header Files\Providers</Filter>
    </ClInclude>
    <ClInclude Include="..\..\src\asiVisu\providers\asiVisu_LawDataProvider.h">
      <Filter>Header Files\Providers</Filter>
    </ClInclude>
    <ClInclude Include="..\..\src\asiVisu\providers\asiVisu_MeshDataProvider.h">
      <Filter>Header Files\Providers</Filter>
    </ClInclude>
    <ClInclude Include="..\..\src\asiVisu\providers\asiVisu_PointsDataProvider.h">
      <Filter>Header Files\Providers</Filter>
    </ClInclude>
    <ClInclude Include="..\..\src\asiVisu\providers\asiVisu_REContoursDataProvider.h">
      <Filter>Header Files\Providers</Filter>
    </ClInclude>
    <ClInclude Include="..\..\src\asiVisu\providers\asiVisu_REPointsDataProvider.h">
      <Filter>Header Files\Providers</Filter>
    </ClInclude>
    <ClInclude Include="..\..\src\asiVisu\providers\asiVisu_RESurfacesDataProvider.h">
      <Filter>Header Files\Providers</Filter>
    </ClInclude>
    <ClInclude Include="..\..\src\asiVisu\providers\asiVisu_SectionDataProvider.h">
      <Filter>Header Files\Providers</Filter>
    </ClInclude>
    <ClInclude Include="..\..\src\asiVisu\providers\asiVisu_SectionsDataProvider.h">
      <Filter>Header Files\Providers</Filter>
    </ClInclude>
    <ClInclude Include="..\..\src\asiVisu\providers\asiVisu_ShapeDataProvider.h">
      <Filter>Header Files\Providers</Filter>
    </ClInclude>
    <ClInclude Include="..\..\src\asiVisu\providers\asiVisu_ShapeMesher.h">
      <Filter>Header Files\Providers</Filter>
    </ClInclude>
    <ClInclude Include="..\..\src\asiVisu\providers\asiVisu_TopoGraphItem.h">
      <Filter>Header Files\Providers</Filter>
    </ClInclude>
    <ClInclude Include="..\..\src\asiVisu\pipelines\asiVisu_BCurveKnotsPipeline.h">
      <Filter>Header Files\Pipelines</Filter>
    </ClInclude>
    <ClInclude Include="..\..\src\asiVisu\pipelines\asiVisu_BCurvePolesPipeline.h">
      <Filter>Header Files\Pipelines</Filter>
    </ClInclude>
    <ClInclude Include="..\..\src\asiVisu\pipelines\asiVisu_CurvePipeline.h">
      <Filter>Header Files\Pipelines</Filter>
    </ClInclude>
    <ClInclude Include="..\..\src\asiVisu\pipelines\asiVisu_EdgeCurvePipeline.h">
      <Filter>Header Files\Pipelines</Filter>
    </ClInclude>
    <ClInclude Include="..\..\src\asiVisu\pipelines\asiVisu_EdgeDomainPipeline.h">
      <Filter>Header Files\Pipelines</Filter>
    </ClInclude>
    <ClInclude Include="..\..\src\asiVisu\pipelines\asiVisu_FaceDomainPipeline.h">
      <Filter>Header Files\Pipelines</Filter>
    </ClInclude>
    <ClInclude Include="..\..\src\asiVisu\pipelines\asiVisu_FaceSurfacePipeline.h">
      <Filter>Header Files\Pipelines</Filter>
    </ClInclude>
    <ClInclude Include="..\..\src\asiVisu\pipelines\asiVisu_IVSurfacePipeline.h">
      <Filter>Header Files\Pipelines</Filter>
    </ClInclude>
    <ClInclude Include="..\..\src\asiVisu\pipelines\asiVisu_LawPipeline.h">
      <Filter>Header Files\Pipelines</Filter>
    </ClInclude>
    <ClInclude Include="..\..\src\asiVisu\pipelines\asiVisu_MeshContourPipeline.h">
      <Filter>Header Files\Pipelines</Filter>
    </ClInclude>
    <ClInclude Include="..\..\src\asiVisu\pipelines\asiVisu_MeshENScalarPipeline.h">
      <Filter>Header Files\Pipelines</Filter>
    </ClInclude>
    <ClInclude Include="..\..\src\asiVisu\pipelines\asiVisu_MeshEScalarPipeline.h">
      <Filter>Header Files\Pipelines</Filter>
    </ClInclude>
    <ClInclude Include="..\..\src\asiVisu\pipelines\asiVisu_MeshEVectorPipeline.h">
      <Filter>Header Files\Pipelines</Filter>
    </ClInclude>
    <ClInclude Include="..\..\src\asiVisu\pipelines\asiVisu_MeshNScalarPipeline.h">
      <Filter>Header Files\Pipelines</Filter>
    </ClInclude>
    <ClInclude Include="..\..\src\asiVisu\pipelines\asiVisu_MeshPipeline.h">
      <Filter>Header Files\Pipelines</Filter>
    </ClInclude>
    <ClInclude Include="..\..\src\asiVisu\pipelines\asiVisu_MeshTopoPipeline.h">
      <Filter>Header Files\Pipelines</Filter>
    </ClInclude>
    <ClInclude Include="..\..\src\asiVisu\pipelines\asiVisu_Pipeline.h">
      <Filter>Header Files\Pipelines</Filter>
    </ClInclude>
    <ClInclude Include="..\..\src\asiVisu\pipelines\asiVisu_PointsPipeline.h">
      <Filter>Header Files\Pipelines</Filter>
    </ClInclude>
    <ClInclude Include="..\..\src\asiVisu\pipelines\asiVisu_REContoursPipeline.h">
      <Filter>Header Files\Pipelines</Filter>
    </ClInclude>
    <ClInclude Include="..\..\src\asiVisu\pipelines\asiVisu_RESurfacesPipeline.h">
      <Filter>Header Files\Pipelines</Filter>
    </ClInclude>
    <ClInclude Include="..\..\src\asiVisu\pipelines\asiVisu_SectionPipeline.h">
      <Filter>Header Files\Pipelines</Filter>
    </ClInclude>
    <ClInclude Include="..\..\src\asiVisu\pipelines\asiVisu_SectionsPipeline.h">
      <Filter>Header Files\Pipelines</Filter>
    </ClInclude>
    <ClInclude Include="..\..\src\asiVisu\pipelines\asiVisu_ShadedSurfacePipeline.h">
      <Filter>Header Files\Pipelines</Filter>
    </ClInclude>
    <ClInclude Include="..\..\src\asiVisu\pipelines\asiVisu_ShapePipeline.h">
      <Filter>Header Files\Pipelines</Filter>
    </ClInclude>
    <ClInclude Include="..\..\src\asiVisu\presentations\asiVisu_AxesBtnCallback.h">
      <Filter>Header Files\Presentations</Filter>
    </ClInclude>
    <ClInclude Include="..\..\src\asiVisu\presentations\asiVisu_CalculusLawPrs.h">
      <Filter>Header Files\Presentations</Filter>
    </ClInclude>
    <ClInclude Include="..\..\src\asiVisu\presentations\asiVisu_GeomBoundaryEdgesPrs.h">
      <Filter>Header Files\Presentations</Filter>
    </ClInclude>
    <ClInclude Include="..\..\src\asiVisu\presentations\asiVisu_GeomContourPrs.h">
      <Filter>Header Files\Presentations</Filter>
    </ClInclude>
    <ClInclude Include="..\..\src\asiVisu\presentations\asiVisu_GeomCurvePrs.h">
      <Filter>Header Files\Presentations</Filter>
    </ClInclude>
    <ClInclude Include="..\..\src\asiVisu\presentations\asiVisu_GeomEdgePrs.h">
      <Filter>Header Files\Presentations</Filter>
    </ClInclude>
    <ClInclude Include="..\..\src\asiVisu\presentations\asiVisu_GeomFacePrs.h">
      <Filter>Header Files\Presentations</Filter>
    </ClInclude>
    <ClInclude Include="..\..\src\asiVisu\presentations\asiVisu_GeomPrs.h">
      <Filter>Header Files\Presentations</Filter>
    </ClInclude>
    <ClInclude Include="..\..\src\asiVisu\presentations\asiVisu_GeomSurfPrs.h">
      <Filter>Header Files\Presentations</Filter>
    </ClInclude>
    <ClInclude Include="..\..\src\asiVisu\presentations\asiVisu_IVCurvePrs.h">
      <Filter>Header Files\Presentations</Filter>
    </ClInclude>
    <ClInclude Include="..\..\src\asiVisu\presentations\asiVisu_IVPointSet2dPrs.h">
      <Filter>Header Files\Presentations</Filter>
    </ClInclude>
    <ClInclude Include="..\..\src\asiVisu\presentations\asiVisu_IVPointSetPrs.h">
      <Filter>Header Files\Presentations</Filter>
    </ClInclude>
    <ClInclude Include="..\..\src\asiVisu\presentations\asiVisu_IVPrs.h">
      <Filter>Header Files\Presentations</Filter>
    </ClInclude>
    <ClInclude Include="..\..\src\asiVisu\presentations\asiVisu_IVSurfacePrs.h">
      <Filter>Header Files\Presentations</Filter>
    </ClInclude>
    <ClInclude Include="..\..\src\asiVisu\presentations\asiVisu_IVTessItemPrs.h">
      <Filter>Header Files\Presentations</Filter>
    </ClInclude>
    <ClInclude Include="..\..\src\asiVisu\presentations\asiVisu_IVTextItemPrs.h">
      <Filter>Header Files\Presentations</Filter>
    </ClInclude>
    <ClInclude Include="..\..\src\asiVisu\presentations\asiVisu_IVTopoItemPrs.h">
      <Filter>Header Files\Presentations</Filter>
    </ClInclude>
    <ClInclude Include="..\..\src\asiVisu\presentations\asiVisu_MeshPrs.h">
      <Filter>Header Files\Presentations</Filter>
    </ClInclude>
    <ClInclude Include="..\..\src\asiVisu\presentations\asiVisu_Prs.h">
      <Filter>Header Files\Presentations</Filter>
    </ClInclude>
    <ClInclude Include="..\..\src\asiVisu\presentations\asiVisu_PrsManager.h">
      <Filter>Header Files\Presentations</Filter>
    </ClInclude>
    <ClInclude Include="..\..\src\asiVisu\presentations\asiVisu_REContoursPrs.h">
      <Filter>Header Files\Presentations</Filter>
    </ClInclude>
    <ClInclude Include="..\..\src\asiVisu\presentations\asiVisu_REPointsPrs.h">
      <Filter>Header Files\Presentations</Filter>
    </ClInclude>
    <ClInclude Include="..\..\src\asiVisu\presentations\asiVisu_RESurfacesPrs.h">
      <Filter>Header Files\Presentations</Filter>
    </ClInclude>
    <ClInclude Include="..\..\src\asiVisu\asiVisu.h">
      <Filter>Header Files</Filter>
    </ClInclude>
    <ClInclude Include="..\..\src\asiVisu\utils\asiVisu_JournalIV.h">
      <Filter>Header Files\Utils</Filter>
    </ClInclude>
  </ItemGroup>
  <ItemGroup>
    <ClCompile Include="..\..\src\asiVisu\filters\asiVisu_MeshENScalarFilter.cpp">
      <Filter>Source Files\Filters</Filter>
    </ClCompile>
    <ClCompile Include="..\..\src\asiVisu\filters\asiVisu_MeshEScalarFilter.cpp">
      <Filter>Source Files\Filters</Filter>
    </ClCompile>
    <ClCompile Include="..\..\src\asiVisu\filters\asiVisu_MeshEVectorFilter.cpp">
      <Filter>Source Files\Filters</Filter>
    </ClCompile>
    <ClCompile Include="..\..\src\asiVisu\filters\asiVisu_MeshNScalarFilter.cpp">
      <Filter>Source Files\Filters</Filter>
    </ClCompile>
    <ClCompile Include="..\..\src\asiVisu\filters\asiVisu_ShrinkPolyFilter.cpp">
      <Filter>Source Files\Filters</Filter>
    </ClCompile>
    <ClCompile Include="..\..\src\asiVisu\utils\asiVisu_MeshResultUtils.cpp">
      <Filter>Source Files\Utils</Filter>
    </ClCompile>
    <ClCompile Include="..\..\src\asiVisu\utils\asiVisu_MeshUtils.cpp">
      <Filter>Source Files\Utils</Filter>
    </ClCompile>
    <ClCompile Include="..\..\src\asiVisu\utils\asiVisu_Utils.cpp">
      <Filter>Source Files\Utils</Filter>
    </ClCompile>
    <ClCompile Include="..\..\src\asiVisu\sources\asiVisu_BCurveKnotsSource.cpp">
      <Filter>Source Files\Sources</Filter>
    </ClCompile>
    <ClCompile Include="..\..\src\asiVisu\sources\asiVisu_BCurvePolesSource.cpp">
      <Filter>Source Files\Sources</Filter>
    </ClCompile>
    <ClCompile Include="..\..\src\asiVisu\sources\asiVisu_CurveSource.cpp">
      <Filter>Source Files\Sources</Filter>
    </ClCompile>
    <ClCompile Include="..\..\src\asiVisu\sources\asiVisu_LawSource.cpp">
      <Filter>Source Files\Sources</Filter>
    </ClCompile>
    <ClCompile Include="..\..\src\asiVisu\sources\asiVisu_MeshSource.cpp">
      <Filter>Source Files\Sources</Filter>
    </ClCompile>
    <ClCompile Include="..\..\src\asiVisu\sources\asiVisu_MeshTopoSource.cpp">
      <Filter>Source Files\Sources</Filter>
    </ClCompile>
    <ClCompile Include="..\..\src\asiVisu\sources\asiVisu_PCurveSource.cpp">
      <Filter>Source Files\Sources</Filter>
    </ClCompile>
    <ClCompile Include="..\..\src\asiVisu\sources\asiVisu_PDomainSource.cpp">
      <Filter>Source Files\Sources</Filter>
    </ClCompile>
    <ClCompile Include="..\..\src\asiVisu\sources\asiVisu_PointsSource.cpp">
      <Filter>Source Files\Sources</Filter>
    </ClCompile>
    <ClCompile Include="..\..\src\asiVisu\sources\asiVisu_ShapeDataSource.cpp">
      <Filter>Source Files\Sources</Filter>
    </ClCompile>
    <ClCompile Include="..\..\src\asiVisu\sources\asiVisu_SurfaceSource.cpp">
      <Filter>Source Files\Sources</Filter>
    </ClCompile>
    <ClCompile Include="..\..\src\asiVisu\providers\asiVisu_ContourDataProvider.cpp">
      <Filter>Source Files\Providers</Filter>
    </ClCompile>
    <ClCompile Include="..\..\src\asiVisu\providers\asiVisu_ContourPointsDataProvider.cpp">
      <Filter>Source Files\Providers</Filter>
    </ClCompile>
    <ClCompile Include="..\..\src\asiVisu\providers\asiVisu_CurveDataProvider.cpp">
      <Filter>Source Files\Providers</Filter>
    </ClCompile>
    <ClCompile Include="..\..\src\asiVisu\providers\asiVisu_DataProvider.cpp">
      <Filter>Source Files\Providers</Filter>
    </ClCompile>
    <ClCompile Include="..\..\src\asiVisu\providers\asiVisu_EdgeDataProvider.cpp">
      <Filter>Source Files\Providers</Filter>
    </ClCompile>
    <ClCompile Include="..\..\src\asiVisu\providers\asiVisu_FaceDataProvider.cpp">
      <Filter>Source Files\Providers</Filter>
    </ClCompile>
    <ClCompile Include="..\..\src\asiVisu\providers\asiVisu_IVCurveDataProvider.cpp">
      <Filter>Source Files\Providers</Filter>
    </ClCompile>
    <ClCompile Include="..\..\src\asiVisu\providers\asiVisu_IVPointSet2dDataProvider.cpp">
      <Filter>Source Files\Providers</Filter>
    </ClCompile>
    <ClCompile Include="..\..\src\asiVisu\providers\asiVisu_IVPointSetDataProvider.cpp">
      <Filter>Source Files\Providers</Filter>
    </ClCompile>
    <ClCompile Include="..\..\src\asiVisu\providers\asiVisu_IVSurfaceDataProvider.cpp">
      <Filter>Source Files\Providers</Filter>
    </ClCompile>
    <ClCompile Include="..\..\src\asiVisu\providers\asiVisu_LawDataProvider.cpp">
      <Filter>Source Files\Providers</Filter>
    </ClCompile>
    <ClCompile Include="..\..\src\asiVisu\providers\asiVisu_MeshDataProvider.cpp">
      <Filter>Source Files\Providers</Filter>
    </ClCompile>
    <ClCompile Include="..\..\src\asiVisu\providers\asiVisu_PointsDataProvider.cpp">
      <Filter>Source Files\Providers</Filter>
    </ClCompile>
    <ClCompile Include="..\..\src\asiVisu\providers\asiVisu_REContoursDataProvider.cpp">
      <Filter>Source Files\Providers</Filter>
    </ClCompile>
    <ClCompile Include="..\..\src\asiVisu\providers\asiVisu_REPointsDataProvider.cpp">
      <Filter>Source Files\Providers</Filter>
    </ClCompile>
    <ClCompile Include="..\..\src\asiVisu\providers\asiVisu_RESurfacesDataProvider.cpp">
      <Filter>Source Files\Providers</Filter>
    </ClCompile>
    <ClCompile Include="..\..\src\asiVisu\providers\asiVisu_SectionDataProvider.cpp">
      <Filter>Source Files\Providers</Filter>
    </ClCompile>
    <ClCompile Include="..\..\src\asiVisu\providers\asiVisu_SectionsDataProvider.cpp">
      <Filter>Source Files\Providers</Filter>
    </ClCompile>
    <ClCompile Include="..\..\src\asiVisu\providers\asiVisu_ShapeDataProvider.cpp">
      <Filter>Source Files\Providers</Filter>
    </ClCompile>
    <ClCompile Include="..\..\src\asiVisu\providers\asiVisu_ShapeMesher.cpp">
      <Filter>Source Files\Providers</Filter>
    </ClCompile>
    <ClCompile Include="..\..\src\asiVisu\providers\asiVisu_TopoGraphItem.cpp">
      <Filter>Source Files\Providers</Filter>
    </ClCompile>
    <ClCompile Include="..\..\src\asiVisu\pipelines\asiVisu_BCurveKnotsPipeline.cpp">
      <Filter>Source Files\Pipelines</Filter>
    </ClCompile>
    <ClCompile Include="..\..\src\asiVisu\pipelines\asiVisu_BCurvePolesPipeline.cpp">
      <Filter>Source Files\Pipelines</Filter>
    </ClCompile>
    <ClCompile Include="..\..\src\asiVisu\pipelines\asiVisu_CurvePipeline.cpp">
      <Filter>Source Files\Pipelines</Filter>
    </ClCompile>
    <ClCompile Include="..\..\src\asiVisu\pipelines\asiVisu_EdgeCurvePipeline.cpp">
      <Filter>Source Files\Pipelines</Filter>
    </ClCompile>
    <ClCompile Include="..\..\src\asiVisu\pipelines\asiVisu_EdgeDomainPipeline.cpp">
      <Filter>Source Files\Pipelines</Filter>
    </ClCompile>
    <ClCompile Include="..\..\src\asiVisu\pipelines\asiVisu_FaceDomainPipeline.cpp">
      <Filter>Source Files\Pipelines</Filter>
    </ClCompile>
    <ClCompile Include="..\..\src\asiVisu\pipelines\asiVisu_FaceSurfacePipeline.cpp">
      <Filter>Source Files\Pipelines</Filter>
    </ClCompile>
    <ClCompile Include="..\..\src\asiVisu\pipelines\asiVisu_IVSurfacePipeline.cpp">
      <Filter>Source Files\Pipelines</Filter>
    </ClCompile>
    <ClCompile Include="..\..\src\asiVisu\pipelines\asiVisu_LawPipeline.cpp">
      <Filter>Source Files\Pipelines</Filter>
    </ClCompile>
    <ClCompile Include="..\..\src\asiVisu\pipelines\asiVisu_MeshContourPipeline.cpp">
      <Filter>Source Files\Pipelines</Filter>
    </ClCompile>
    <ClCompile Include="..\..\src\asiVisu\pipelines\asiVisu_MeshENScalarPipeline.cpp">
      <Filter>Source Files\Pipelines</Filter>
    </ClCompile>
    <ClCompile Include="..\..\src\asiVisu\pipelines\asiVisu_MeshEScalarPipeline.cpp">
      <Filter>Source Files\Pipelines</Filter>
    </ClCompile>
    <ClCompile Include="..\..\src\asiVisu\pipelines\asiVisu_MeshEVectorPipeline.cpp">
      <Filter>Source Files\Pipelines</Filter>
    </ClCompile>
    <ClCompile Include="..\..\src\asiVisu\pipelines\asiVisu_MeshNScalarPipeline.cpp">
      <Filter>Source Files\Pipelines</Filter>
    </ClCompile>
    <ClCompile Include="..\..\src\asiVisu\pipelines\asiVisu_MeshPipeline.cpp">
      <Filter>Source Files\Pipelines</Filter>
    </ClCompile>
    <ClCompile Include="..\..\src\asiVisu\pipelines\asiVisu_MeshTopoPipeline.cpp">
      <Filter>Source Files\Pipelines</Filter>
    </ClCompile>
    <ClCompile Include="..\..\src\asiVisu\pipelines\asiVisu_Pipeline.cpp">
      <Filter>Source Files\Pipelines</Filter>
    </ClCompile>
    <ClCompile Include="..\..\src\asiVisu\pipelines\asiVisu_PointsPipeline.cpp">
      <Filter>Source Files\Pipelines</Filter>
    </ClCompile>
    <ClCompile Include="..\..\src\asiVisu\pipelines\asiVisu_REContoursPipeline.cpp">
      <Filter>Source Files\Pipelines</Filter>
    </ClCompile>
    <ClCompile Include="..\..\src\asiVisu\pipelines\asiVisu_RESurfacesPipeline.cpp">
      <Filter>Source Files\Pipelines</Filter>
    </ClCompile>
    <ClCompile Include="..\..\src\asiVisu\pipelines\asiVisu_SectionPipeline.cpp">
      <Filter>Source Files\Pipelines</Filter>
    </ClCompile>
    <ClCompile Include="..\..\src\asiVisu\pipelines\asiVisu_SectionsPipeline.cpp">
      <Filter>Source Files\Pipelines</Filter>
    </ClCompile>
    <ClCompile Include="..\..\src\asiVisu\pipelines\asiVisu_ShadedSurfacePipeline.cpp">
      <Filter>Source Files\Pipelines</Filter>
    </ClCompile>
    <ClCompile Include="..\..\src\asiVisu\pipelines\asiVisu_ShapePipeline.cpp">
      <Filter>Source Files\Pipelines</Filter>
    </ClCompile>
    <ClCompile Include="..\..\src\asiVisu\presentations\asiVisu_AxesBtnCallback.cpp">
      <Filter>Source Files\Presentations</Filter>
    </ClCompile>
    <ClCompile Include="..\..\src\asiVisu\presentations\asiVisu_CalculusLawPrs.cpp">
      <Filter>Source Files\Presentations</Filter>
    </ClCompile>
    <ClCompile Include="..\..\src\asiVisu\presentations\asiVisu_GeomBoundaryEdgesPrs.cpp">
      <Filter>Source Files\Presentations</Filter>
    </ClCompile>
    <ClCompile Include="..\..\src\asiVisu\presentations\asiVisu_GeomContourPrs.cpp">
      <Filter>Source Files\Presentations</Filter>
    </ClCompile>
    <ClCompile Include="..\..\src\asiVisu\presentations\asiVisu_GeomCurvePrs.cpp">
      <Filter>Source Files\Presentations</Filter>
    </ClCompile>
    <ClCompile Include="..\..\src\asiVisu\presentations\asiVisu_GeomEdgePrs.cpp">
      <Filter>Source Files\Presentations</Filter>
    </ClCompile>
    <ClCompile Include="..\..\src\asiVisu\presentations\asiVisu_GeomFacePrs.cpp">
      <Filter>Source Files\Presentations</Filter>
    </ClCompile>
    <ClCompile Include="..\..\src\asiVisu\presentations\asiVisu_GeomPrs.cpp">
      <Filter>Source Files\Presentations</Filter>
    </ClCompile>
    <ClCompile Include="..\..\src\asiVisu\presentations\asiVisu_GeomSurfPrs.cpp">
      <Filter>Source Files\Presentations</Filter>
    </ClCompile>
    <ClCompile Include="..\..\src\asiVisu\presentations\asiVisu_IVCurvePrs.cpp">
      <Filter>Source Files\Presentations</Filter>
    </ClCompile>
    <ClCompile Include="..\..\src\asiVisu\presentations\asiVisu_IVPointSet2dPrs.cpp">
      <Filter>Source Files\Presentations</Filter>
    </ClCompile>
    <ClCompile Include="..\..\src\asiVisu\presentations\asiVisu_IVPointSetPrs.cpp">
      <Filter>Source Files\Presentations</Filter>
    </ClCompile>
    <ClCompile Include="..\..\src\asiVisu\presentations\asiVisu_IVPrs.cpp">
      <Filter>Source Files\Presentations</Filter>
    </ClCompile>
    <ClCompile Include="..\..\src\asiVisu\presentations\asiVisu_IVSurfacePrs.cpp">
      <Filter>Source Files\Presentations</Filter>
    </ClCompile>
    <ClCompile Include="..\..\src\asiVisu\presentations\asiVisu_IVTessItemPrs.cpp">
      <Filter>Source Files\Presentations</Filter>
    </ClCompile>
    <ClCompile Include="..\..\src\asiVisu\presentations\asiVisu_IVTextItemPrs.cpp">
      <Filter>Source Files\Presentations</Filter>
    </ClCompile>
    <ClCompile Include="..\..\src\asiVisu\presentations\asiVisu_IVTopoItemPrs.cpp">
      <Filter>Source Files\Presentations</Filter>
    </ClCompile>
    <ClCompile Include="..\..\src\asiVisu\presentations\asiVisu_MeshPrs.cpp">
      <Filter>Source Files\Presentations</Filter>
    </ClCompile>
    <ClCompile Include="..\..\src\asiVisu\presentations\asiVisu_Prs.cpp">
      <Filter>Source Files\Presentations</Filter>
    </ClCompile>
    <ClCompile Include="..\..\src\asiVisu\presentations\asiVisu_PrsManager.cpp">
      <Filter>Source Files\Presentations</Filter>
    </ClCompile>
    <ClCompile Include="..\..\src\asiVisu\presentations\asiVisu_REContoursPrs.cpp">
      <Filter>Source Files\Presentations</Filter>
    </ClCompile>
    <ClCompile Include="..\..\src\asiVisu\presentations\asiVisu_REPointsPrs.cpp">
      <Filter>Source Files\Presentations</Filter>
    </ClCompile>
    <ClCompile Include="..\..\src\asiVisu\presentations\asiVisu_RESurfacesPrs.cpp">
      <Filter>Source Files\Presentations</Filter>
    </ClCompile>
    <ClCompile Include="..\..\src\asiVisu\utils\asiVisu_JournalIV.cpp">
      <Filter>Source Files\Utils</Filter>
    </ClCompile>
  </ItemGroup>
</Project>