<?xml version="1.0" encoding="utf-8"?>
<Project ToolsVersion="4.0" xmlns="http://schemas.microsoft.com/developer/msbuild/2003">
  <ItemGroup>
    <Filter Include="Source Files">
      <UniqueIdentifier>{4FC737F1-C7A5-4376-A066-2A32D752A2FF}</UniqueIdentifier>
      <Extensions>cpp;c;cc;cxx;def;odl;idl;hpj;bat;asm;asmx</Extensions>
    </Filter>
    <Filter Include="Header Files">
      <UniqueIdentifier>{93995380-89BD-4b04-88EB-625FBE52EBFB}</UniqueIdentifier>
      <Extensions>h;hpp;hxx;hm;inl;inc;xsd</Extensions>
    </Filter>
    <Filter Include="MOC">
      <UniqueIdentifier>{9ba7dd1c-5244-4e67-a590-1dde40d40af3}</UniqueIdentifier>
    </Filter>
    <Filter Include="Header Files\UI">
      <UniqueIdentifier>{8b012b5c-d1db-4f10-9e1a-fdb4a503212f}</UniqueIdentifier>
    </Filter>
    <Filter Include="Source Files\UI">
      <UniqueIdentifier>{5a584c54-4235-4c63-b441-4d662f24ea09}</UniqueIdentifier>
    </Filter>
    <Filter Include="Header Files\Engine">
      <UniqueIdentifier>{c869d12b-6538-4073-9492-91765cb8019f}</UniqueIdentifier>
    </Filter>
    <Filter Include="Source Files\Engine">
      <UniqueIdentifier>{d5098c62-8bec-49c3-a03c-0826e6bece95}</UniqueIdentifier>
    </Filter>
    <Filter Include="Header Files\Algo">
      <UniqueIdentifier>{6e993674-a0cd-4b81-933e-1fe721f90eef}</UniqueIdentifier>
    </Filter>
    <Filter Include="Source Files\Algo">
      <UniqueIdentifier>{e03a090f-65f5-4ed7-90db-f7d114e2d02c}</UniqueIdentifier>
    </Filter>
  </ItemGroup>
  <ItemGroup>
    <ClInclude Include="..\..\src\exeAsBuilt\engine\exeAsBuilt_RE.h">
      <Filter>Header Files\Engine</Filter>
    </ClInclude>
    <ClInclude Include="..\..\src\exeAsBuilt\engine\exeAsBuilt_Model.h">
      <Filter>Header Files\Engine</Filter>
    </ClInclude>
    <ClInclude Include="..\..\src\exeAsBuilt\ui\exeAsBuilt_CommonFacilities.h">
      <Filter>Header Files\UI</Filter>
    </ClInclude>
    <ClInclude Include="..\..\src\exeAsBuilt\algo\exeAsBuilt_FlannKdTree.h">
      <Filter>Header Files\Algo</Filter>
    </ClInclude>
  </ItemGroup>
  <ItemGroup>
    <ClCompile Include="..\..\src\exeAsBuilt\ui\exeAsBuilt_ControlsPCloud.cpp">
      <Filter>Source Files\UI</Filter>
    </ClCompile>
    <ClCompile Include="..\..\src\exeAsBuilt\ui\exeAsBuilt_MainWindow.cpp">
      <Filter>Source Files\UI</Filter>
    </ClCompile>
    <ClCompile Include="..\..\src\exeAsBuilt\engine\exeAsBuilt_RE.cpp">
      <Filter>Source Files\Engine</Filter>
    </ClCompile>
    <ClCompile Include="..\..\src\exeAsBuilt\engine\exeAsBuilt_Model.cpp">
      <Filter>Source Files\Engine</Filter>
    </ClCompile>
    <ClCompile Include="..\..\src\exeAsBuilt\ui\exeAsBuilt_CommonFacilities.cpp">
      <Filter>Source Files\UI</Filter>
    </ClCompile>
    <ClCompile Include="$(IntDir)moc\moc_exeAsBuilt_MainWindow.cpp">
      <Filter>MOC</Filter>
    </ClCompile>
    <ClCompile Include="$(IntDir)moc\moc_exeAsBuilt_ControlsPCloud.cpp">
      <Filter>MOC</Filter>
    </ClCompile>
    <ClCompile Include="$(IntDir)moc\moc_exeAsBuilt_DialogCloudify.cpp">
      <Filter>MOC</Filter>
    </ClCompile>
    <ClCompile Include="..\..\src\exeAsBuilt\exeAsBuilt_Main.cpp">
      <Filter>Source Files</Filter>
    </ClCompile>
    <ClCompile Include="..\..\src\exeAsBuilt\ui\exeAsBuilt_DialogCloudify.cpp">
      <Filter>Source Files\UI</Filter>
    </ClCompile>
    <ClCompile Include="..\..\src\exeAsBuilt\algo\exeAsBuilt_FlannKdTree.cpp">
      <Filter>Source Files\Algo</Filter>
    </ClCompile>
  </ItemGroup>
  <ItemGroup>
    <CustomBuild Include="..\..\src\exeAsBuilt\ui\exeAsBuilt_DialogCloudify.h">
      <Filter>Header Files\UI</Filter>
    </CustomBuild>
    <CustomBuild Include="..\..\src\exeAsBuilt\ui\exeAsBuilt_MainWindow.h">
      <Filter>Header Files\UI</Filter>
    </CustomBuild>
    <CustomBuild Include="..\..\src\exeAsBuilt\ui\exeAsBuilt_ControlsPCloud.h">
      <Filter>Header Files\UI</Filter>
    </CustomBuild>
  </ItemGroup>
</Project>