<?xml version="1.0" encoding="utf-8"?>
<Project ToolsVersion="4.0" xmlns="http://schemas.microsoft.com/developer/msbuild/2003">
  <ItemGroup>
    <Filter Include="Source Files">
      <UniqueIdentifier>{4FC737F1-C7A5-4376-A066-2A32D752A2FF}</UniqueIdentifier>
      <Extensions>cpp;c;cc;cxx;def;odl;idl;hpj;bat;asm;asmx</Extensions>
    </Filter>
    <Filter Include="Header Files">
      <UniqueIdentifier>{93995380-89BD-4b04-88EB-625FBE52EBFB}</UniqueIdentifier>
      <Extensions>h;hpp;hxx;hm;inl;inc;xsd</Extensions>
    </Filter>
    <Filter Include="MOC">
      <UniqueIdentifier>{9ba7dd1c-5244-4e67-a590-1dde40d40af3}</UniqueIdentifier>
    </Filter>
    <Filter Include="Header Files\UI">
      <UniqueIdentifier>{8b012b5c-d1db-4f10-9e1a-fdb4a503212f}</UniqueIdentifier>
    </Filter>
    <Filter Include="Source Files\UI">
      <UniqueIdentifier>{5a584c54-4235-4c63-b441-4d662f24ea09}</UniqueIdentifier>
    </Filter>
    <Filter Include="Header Files\Visu">
      <UniqueIdentifier>{716484f0-6690-415c-b8cd-a18faa7b38c6}</UniqueIdentifier>
    </Filter>
    <Filter Include="Source Files\Visu">
      <UniqueIdentifier>{d245fde1-27f9-451d-b183-d13a01948898}</UniqueIdentifier>
    </Filter>
    <Filter Include="Header Files\Engine">
      <UniqueIdentifier>{6a95ba8f-efed-4885-b3ea-ab66c3acc968}</UniqueIdentifier>
    </Filter>
    <Filter Include="Source Files\Engine">
      <UniqueIdentifier>{97a33fbf-388f-4aae-aaa8-3519c7176ccb}</UniqueIdentifier>
    </Filter>
  </ItemGroup>
  <ItemGroup>
    <ClInclude Include="..\..\src\exeCC\ui\exeCC_CommonFacilities.h">
      <Filter>Header Files\UI</Filter>
    </ClInclude>
    <ClInclude Include="..\..\src\exeCC\engine\exeCC_Model.h">
      <Filter>Header Files\Engine</Filter>
    </ClInclude>
  </ItemGroup>
  <ItemGroup>
    <ClCompile Include="..\..\src\exeCC\visu\exeCC_CreateContourCallback.cpp">
      <Filter>Source Files\Visu</Filter>
    </ClCompile>
    <ClCompile Include="..\..\src\exeCC\ui\exeCC_Controls.cpp">
      <Filter>Source Files\UI</Filter>
    </ClCompile>
    <ClCompile Include="..\..\src\exeCC\ui\exeCC_DialogBuildOffsets.cpp">
      <Filter>Source Files\UI</Filter>
    </ClCompile>
    <ClCompile Include="..\..\src\exeCC\ui\exeCC_DialogCapture.cpp">
      <Filter>Source Files\UI</Filter>
    </ClCompile>
    <ClCompile Include="..\..\src\exeCC\ui\exeCC_DialogEnrich.cpp">
      <Filter>Source Files\UI</Filter>
    </ClCompile>
    <ClCompile Include="..\..\src\exeCC\ui\exeCC_DialogHealing.cpp">
      <Filter>Source Files\UI</Filter>
    </ClCompile>
    <ClCompile Include="..\..\src\exeCC\ui\exeCC_MainWindow.cpp">
      <Filter>Source Files\UI</Filter>
    </ClCompile>
    <ClCompile Include="..\..\src\exeCC\ui\exeCC_CommonFacilities.cpp">
      <Filter>Source Files\UI</Filter>
    </ClCompile>
    <ClCompile Include="..\..\src\exeCC\exeCC_Main.cpp">
      <Filter>Source Files</Filter>
    </ClCompile>
    <ClCompile Include="$(IntDir)moc\moc_exeCC_CreateContourCallback.cpp">
      <Filter>MOC</Filter>
    </ClCompile>
    <ClCompile Include="$(IntDir)moc\moc_exeCC_Controls.cpp">
      <Filter>MOC</Filter>
    </ClCompile>
    <ClCompile Include="$(IntDir)moc\moc_exeCC_DialogBuildOffsets.cpp">
      <Filter>MOC</Filter>
    </ClCompile>
    <ClCompile Include="$(IntDir)moc\moc_exeCC_DialogCapture.cpp">
      <Filter>MOC</Filter>
    </ClCompile>
    <ClCompile Include="$(IntDir)moc\moc_exeCC_DialogEnrich.cpp">
      <Filter>MOC</Filter>
    </ClCompile>
    <ClCompile Include="$(IntDir)moc\moc_exeCC_DialogHealing.cpp">
      <Filter>MOC</Filter>
    </ClCompile>
    <ClCompile Include="$(IntDir)moc\moc_exeCC_MainWindow.cpp">
      <Filter>MOC</Filter>
    </ClCompile>
    <ClCompile Include="..\..\src\exeCC\engine\exeCC_Model.cpp">
      <Filter>Source Files\Engine</Filter>
    </ClCompile>
  </ItemGroup>
  <ItemGroup>
    <CustomBuild Include="..\..\src\exeCC\ui\exeCC_Controls.h">
      <Filter>Header Files\UI</Filter>
    </CustomBuild>
    <CustomBuild Include="..\..\src\exeCC\ui\exeCC_DialogBuildOffsets.h">
      <Filter>Header Files\UI</Filter>
    </CustomBuild>
    <CustomBuild Include="..\..\src\exeCC\ui\exeCC_DialogCapture.h">
      <Filter>Header Files\UI</Filter>
    </CustomBuild>
    <CustomBuild Include="..\..\src\exeCC\ui\exeCC_DialogEnrich.h">
      <Filter>Header Files\UI</Filter>
    </CustomBuild>
    <CustomBuild Include="..\..\src\exeCC\ui\exeCC_DialogHealing.h">
      <Filter>Header Files\UI</Filter>
    </CustomBuild>
    <CustomBuild Include="..\..\src\exeCC\ui\exeCC_MainWindow.h">
      <Filter>Header Files\UI</Filter>
    </CustomBuild>
    <CustomBuild Include="..\..\src\exeCC\visu\exeCC_CreateContourCallback.h">
      <Filter>Header Files\Visu</Filter>
    </CustomBuild>
  </ItemGroup>
</Project>